// !$*UTF8*$!
{
	archiveVersion = 1;
	classes = {
	};
	objectVersion = 46;
	objects = {

/* Begin PBXBuildFile section */
		3F10A9D11B6D3DD500829333 /* background.png in Resources */ = {isa = PBXBuildFile; fileRef = 3F10A9D01B6D3DD500829333 /* background.png */; };
		3F10A9D71B6D46A100829333 /* RestaurantDetailViewController.m in Sources */ = {isa = PBXBuildFile; fileRef = 3F10A9D61B6D46A100829333 /* RestaurantDetailViewController.m */; };
		3F10A9D91B6D513C00829333 /* shareToT.png in Resources */ = {isa = PBXBuildFile; fileRef = 3F10A9D81B6D513C00829333 /* shareToT.png */; };
		3F10A9E11B6D56A600829333 /* tel_icon.png in Resources */ = {isa = PBXBuildFile; fileRef = 3F10A9E01B6D56A600829333 /* tel_icon.png */; };
		3F10A9E31B6D56F000829333 /* yelp.png in Resources */ = {isa = PBXBuildFile; fileRef = 3F10A9E21B6D56F000829333 /* yelp.png */; };
		3F10A9E71B6D581D00829333 /* Restaurant_thumbstail.png in Resources */ = {isa = PBXBuildFile; fileRef = 3F10A9E61B6D581D00829333 /* Restaurant_thumbstail.png */; };
		3F963B941B6C2F9500EBAAE8 /* UIKit.framework in Frameworks */ = {isa = PBXBuildFile; fileRef = 3F963B931B6C2F9500EBAAE8 /* UIKit.framework */; };
		3F963B961B6C2F9D00EBAAE8 /* CoreGraphics.framework in Frameworks */ = {isa = PBXBuildFile; fileRef = 3F963B951B6C2F9D00EBAAE8 /* CoreGraphics.framework */; };
		3F963B981B6C2FA600EBAAE8 /* Foundation.framework in Frameworks */ = {isa = PBXBuildFile; fileRef = 3F963B971B6C2FA600EBAAE8 /* Foundation.framework */; };
		3F963B9A1B6C2FDE00EBAAE8 /* CoreImage.framework in Frameworks */ = {isa = PBXBuildFile; fileRef = 3F963B991B6C2FDE00EBAAE8 /* CoreImage.framework */; };
		3F963B9C1B6C2FE500EBAAE8 /* libz.dylib in Frameworks */ = {isa = PBXBuildFile; fileRef = 3F963B9B1B6C2FE500EBAAE8 /* libz.dylib */; };
		3F963B9E1B6C2FEF00EBAAE8 /* libstdc++.6.0.9.dylib in Frameworks */ = {isa = PBXBuildFile; fileRef = 3F963B9D1B6C2FEF00EBAAE8 /* libstdc++.6.0.9.dylib */; };
		3F963BA01B6C322800EBAAE8 /* tessdata in Resources */ = {isa = PBXBuildFile; fileRef = 3F963B9F1B6C322800EBAAE8 /* tessdata */; };
		92ED02841B6D86FA00D1C5D1 /* NSURLRequest+OAuth.m in Sources */ = {isa = PBXBuildFile; fileRef = 92ED02591B6D86FA00D1C5D1 /* NSURLRequest+OAuth.m */; settings = {COMPILER_FLAGS = "-fno-objc-arc"; }; };
		92ED02851B6D86FA00D1C5D1 /* NSMutableURLRequest+Parameters.m in Sources */ = {isa = PBXBuildFile; fileRef = 92ED025D1B6D86FA00D1C5D1 /* NSMutableURLRequest+Parameters.m */; settings = {COMPILER_FLAGS = "-fno-objc-arc"; }; };
		92ED02861B6D86FA00D1C5D1 /* NSString+URLEncoding.m in Sources */ = {isa = PBXBuildFile; fileRef = 92ED025F1B6D86FA00D1C5D1 /* NSString+URLEncoding.m */; settings = {COMPILER_FLAGS = "-fno-objc-arc"; }; };
		92ED02871B6D86FA00D1C5D1 /* NSURL+Base.m in Sources */ = {isa = PBXBuildFile; fileRef = 92ED02611B6D86FA00D1C5D1 /* NSURL+Base.m */; settings = {COMPILER_FLAGS = "-fno-objc-arc"; }; };
		92ED02881B6D86FA00D1C5D1 /* Base64Transcoder.c in Sources */ = {isa = PBXBuildFile; fileRef = 92ED02631B6D86FA00D1C5D1 /* Base64Transcoder.c */; };
		92ED02891B6D86FA00D1C5D1 /* hmac.c in Sources */ = {isa = PBXBuildFile; fileRef = 92ED02651B6D86FA00D1C5D1 /* hmac.c */; };
		92ED028A1B6D86FA00D1C5D1 /* sha1.c in Sources */ = {isa = PBXBuildFile; fileRef = 92ED02671B6D86FA00D1C5D1 /* sha1.c */; };
		92ED028B1B6D86FA00D1C5D1 /* OACall.m in Sources */ = {isa = PBXBuildFile; fileRef = 92ED026A1B6D86FA00D1C5D1 /* OACall.m */; settings = {COMPILER_FLAGS = "-fno-objc-arc"; }; };
		92ED028C1B6D86FA00D1C5D1 /* OAConsumer.m in Sources */ = {isa = PBXBuildFile; fileRef = 92ED026C1B6D86FA00D1C5D1 /* OAConsumer.m */; settings = {COMPILER_FLAGS = "-fno-objc-arc"; }; };
		92ED028D1B6D86FA00D1C5D1 /* OADataFetcher.m in Sources */ = {isa = PBXBuildFile; fileRef = 92ED026E1B6D86FA00D1C5D1 /* OADataFetcher.m */; settings = {COMPILER_FLAGS = "-fno-objc-arc"; }; };
		92ED028E1B6D86FA00D1C5D1 /* OAHMAC_SHA1SignatureProvider.m in Sources */ = {isa = PBXBuildFile; fileRef = 92ED02701B6D86FA00D1C5D1 /* OAHMAC_SHA1SignatureProvider.m */; settings = {COMPILER_FLAGS = "-fno-objc-arc"; }; };
		92ED028F1B6D86FA00D1C5D1 /* OAMutableURLRequest.m in Sources */ = {isa = PBXBuildFile; fileRef = 92ED02721B6D86FA00D1C5D1 /* OAMutableURLRequest.m */; settings = {COMPILER_FLAGS = "-fno-objc-arc"; }; };
		92ED02901B6D86FA00D1C5D1 /* OAPlaintextSignatureProvider.m in Sources */ = {isa = PBXBuildFile; fileRef = 92ED02741B6D86FA00D1C5D1 /* OAPlaintextSignatureProvider.m */; settings = {COMPILER_FLAGS = "-fno-objc-arc"; }; };
		92ED02911B6D86FA00D1C5D1 /* OAProblem.m in Sources */ = {isa = PBXBuildFile; fileRef = 92ED02761B6D86FA00D1C5D1 /* OAProblem.m */; settings = {COMPILER_FLAGS = "-fno-objc-arc"; }; };
		92ED02921B6D86FA00D1C5D1 /* OARequestParameter.m in Sources */ = {isa = PBXBuildFile; fileRef = 92ED02781B6D86FA00D1C5D1 /* OARequestParameter.m */; settings = {COMPILER_FLAGS = "-fno-objc-arc"; }; };
		92ED02931B6D86FA00D1C5D1 /* OAServiceTicket.m in Sources */ = {isa = PBXBuildFile; fileRef = 92ED027A1B6D86FA00D1C5D1 /* OAServiceTicket.m */; settings = {COMPILER_FLAGS = "-fno-objc-arc"; }; };
		92ED02941B6D86FA00D1C5D1 /* OAToken.m in Sources */ = {isa = PBXBuildFile; fileRef = 92ED027D1B6D86FA00D1C5D1 /* OAToken.m */; settings = {COMPILER_FLAGS = "-fno-objc-arc"; }; };
		92ED02951B6D86FA00D1C5D1 /* OATokenManager.m in Sources */ = {isa = PBXBuildFile; fileRef = 92ED027F1B6D86FA00D1C5D1 /* OATokenManager.m */; settings = {COMPILER_FLAGS = "-fno-objc-arc"; }; };
		92ED02961B6D86FA00D1C5D1 /* YPAPISample.m in Sources */ = {isa = PBXBuildFile; fileRef = 92ED02831B6D86FA00D1C5D1 /* YPAPISample.m */; };
		92ED02991B6D9B9000D1C5D1 /* Restaurant.m in Sources */ = {isa = PBXBuildFile; fileRef = 92ED02981B6D9B9000D1C5D1 /* Restaurant.m */; };
		92EDFE8F1B6C3B6300D1C5D1 /* HttpClient.m in Sources */ = {isa = PBXBuildFile; fileRef = 92EDFE8E1B6C3B6300D1C5D1 /* HttpClient.m */; };
		983AEA661B6AC5BB0063C498 /* Dish+Creater.m in Sources */ = {isa = PBXBuildFile; fileRef = 983AEA651B6AC5BB0063C498 /* Dish+Creater.m */; };
		985718BC1B6A8E09001CA355 /* main.m in Sources */ = {isa = PBXBuildFile; fileRef = 985718BB1B6A8E09001CA355 /* main.m */; };
		985718BF1B6A8E09001CA355 /* AppDelegate.m in Sources */ = {isa = PBXBuildFile; fileRef = 985718BE1B6A8E09001CA355 /* AppDelegate.m */; };
		985718C51B6A8E09001CA355 /* Main.storyboard in Resources */ = {isa = PBXBuildFile; fileRef = 985718C31B6A8E09001CA355 /* Main.storyboard */; };
		985718C71B6A8E09001CA355 /* Images.xcassets in Resources */ = {isa = PBXBuildFile; fileRef = 985718C61B6A8E09001CA355 /* Images.xcassets */; };
		985718CA1B6A8E09001CA355 /* LaunchScreen.xib in Resources */ = {isa = PBXBuildFile; fileRef = 985718C81B6A8E09001CA355 /* LaunchScreen.xib */; };
		985718D61B6A8E09001CA355 /* TakeoutAssistantTests.m in Sources */ = {isa = PBXBuildFile; fileRef = 985718D51B6A8E09001CA355 /* TakeoutAssistantTests.m */; };
		985718E11B6A8F7D001CA355 /* MenuModel.xcdatamodeld in Sources */ = {isa = PBXBuildFile; fileRef = 985718DF1B6A8F7D001CA355 /* MenuModel.xcdatamodeld */; };
		985718EE1B6A919D001CA355 /* Dish.m in Sources */ = {isa = PBXBuildFile; fileRef = 985718ED1B6A919D001CA355 /* Dish.m */; };
		985718F41B6AA08F001CA355 /* RestaurantViewController.m in Sources */ = {isa = PBXBuildFile; fileRef = 985718F31B6AA08F001CA355 /* RestaurantViewController.m */; };
		985718FD1B6AB90A001CA355 /* Restaurant+Creater.m in Sources */ = {isa = PBXBuildFile; fileRef = 985718FC1B6AB90A001CA355 /* Restaurant+Creater.m */; };
		BA1ACFCF46656E6CC8DC5E0A /* libPods-TakeoutAssistant.a in Frameworks */ = {isa = PBXBuildFile; fileRef = 9A23D9E0FD6486464EB4859C /* libPods-TakeoutAssistant.a */; };
/* End PBXBuildFile section */

/* Begin PBXContainerItemProxy section */
		985718D01B6A8E09001CA355 /* PBXContainerItemProxy */ = {
			isa = PBXContainerItemProxy;
			containerPortal = 985718AE1B6A8E09001CA355 /* Project object */;
			proxyType = 1;
			remoteGlobalIDString = 985718B51B6A8E09001CA355;
			remoteInfo = TakeoutAssistant;
		};
/* End PBXContainerItemProxy section */

/* Begin PBXFileReference section */
		3F10A9D01B6D3DD500829333 /* background.png */ = {isa = PBXFileReference; lastKnownFileType = image.png; path = background.png; sourceTree = "<group>"; };
		3F10A9D51B6D46A000829333 /* RestaurantDetailViewController.h */ = {isa = PBXFileReference; fileEncoding = 4; lastKnownFileType = sourcecode.c.h; path = RestaurantDetailViewController.h; sourceTree = "<group>"; };
		3F10A9D61B6D46A100829333 /* RestaurantDetailViewController.m */ = {isa = PBXFileReference; fileEncoding = 4; lastKnownFileType = sourcecode.c.objc; path = RestaurantDetailViewController.m; sourceTree = "<group>"; };
		3F10A9D81B6D513C00829333 /* shareToT.png */ = {isa = PBXFileReference; lastKnownFileType = image.png; path = shareToT.png; sourceTree = "<group>"; };
		3F10A9E01B6D56A600829333 /* tel_icon.png */ = {isa = PBXFileReference; lastKnownFileType = image.png; path = tel_icon.png; sourceTree = "<group>"; };
		3F10A9E21B6D56F000829333 /* yelp.png */ = {isa = PBXFileReference; lastKnownFileType = image.png; path = yelp.png; sourceTree = "<group>"; };
		3F10A9E61B6D581D00829333 /* Restaurant_thumbstail.png */ = {isa = PBXFileReference; lastKnownFileType = image.png; path = Restaurant_thumbstail.png; sourceTree = "<group>"; };
		3F963B931B6C2F9500EBAAE8 /* UIKit.framework */ = {isa = PBXFileReference; lastKnownFileType = wrapper.framework; name = UIKit.framework; path = System/Library/Frameworks/UIKit.framework; sourceTree = SDKROOT; };
		3F963B951B6C2F9D00EBAAE8 /* CoreGraphics.framework */ = {isa = PBXFileReference; lastKnownFileType = wrapper.framework; name = CoreGraphics.framework; path = System/Library/Frameworks/CoreGraphics.framework; sourceTree = SDKROOT; };
		3F963B971B6C2FA600EBAAE8 /* Foundation.framework */ = {isa = PBXFileReference; lastKnownFileType = wrapper.framework; name = Foundation.framework; path = System/Library/Frameworks/Foundation.framework; sourceTree = SDKROOT; };
		3F963B991B6C2FDE00EBAAE8 /* CoreImage.framework */ = {isa = PBXFileReference; lastKnownFileType = wrapper.framework; name = CoreImage.framework; path = System/Library/Frameworks/CoreImage.framework; sourceTree = SDKROOT; };
		3F963B9B1B6C2FE500EBAAE8 /* libz.dylib */ = {isa = PBXFileReference; lastKnownFileType = "compiled.mach-o.dylib"; name = libz.dylib; path = usr/lib/libz.dylib; sourceTree = SDKROOT; };
		3F963B9D1B6C2FEF00EBAAE8 /* libstdc++.6.0.9.dylib */ = {isa = PBXFileReference; lastKnownFileType = "compiled.mach-o.dylib"; name = "libstdc++.6.0.9.dylib"; path = "usr/lib/libstdc++.6.0.9.dylib"; sourceTree = SDKROOT; };
		3F963B9F1B6C322800EBAAE8 /* tessdata */ = {isa = PBXFileReference; lastKnownFileType = folder; path = tessdata; sourceTree = "<group>"; };
		4D5D5471631277FD50BA612E /* Pods-TakeoutAssistant.debug.xcconfig */ = {isa = PBXFileReference; includeInIndex = 1; lastKnownFileType = text.xcconfig; name = "Pods-TakeoutAssistant.debug.xcconfig"; path = "Pods/Target Support Files/Pods-TakeoutAssistant/Pods-TakeoutAssistant.debug.xcconfig"; sourceTree = "<group>"; };
		92ED02581B6D86FA00D1C5D1 /* NSURLRequest+OAuth.h */ = {isa = PBXFileReference; fileEncoding = 4; lastKnownFileType = sourcecode.c.h; path = "NSURLRequest+OAuth.h"; sourceTree = "<group>"; };
		92ED02591B6D86FA00D1C5D1 /* NSURLRequest+OAuth.m */ = {isa = PBXFileReference; fileEncoding = 4; lastKnownFileType = sourcecode.c.objc; path = "NSURLRequest+OAuth.m"; sourceTree = "<group>"; };
		92ED025C1B6D86FA00D1C5D1 /* NSMutableURLRequest+Parameters.h */ = {isa = PBXFileReference; fileEncoding = 4; lastKnownFileType = sourcecode.c.h; path = "NSMutableURLRequest+Parameters.h"; sourceTree = "<group>"; };
		92ED025D1B6D86FA00D1C5D1 /* NSMutableURLRequest+Parameters.m */ = {isa = PBXFileReference; fileEncoding = 4; lastKnownFileType = sourcecode.c.objc; path = "NSMutableURLRequest+Parameters.m"; sourceTree = "<group>"; };
		92ED025E1B6D86FA00D1C5D1 /* NSString+URLEncoding.h */ = {isa = PBXFileReference; fileEncoding = 4; lastKnownFileType = sourcecode.c.h; path = "NSString+URLEncoding.h"; sourceTree = "<group>"; };
		92ED025F1B6D86FA00D1C5D1 /* NSString+URLEncoding.m */ = {isa = PBXFileReference; fileEncoding = 4; lastKnownFileType = sourcecode.c.objc; path = "NSString+URLEncoding.m"; sourceTree = "<group>"; };
		92ED02601B6D86FA00D1C5D1 /* NSURL+Base.h */ = {isa = PBXFileReference; fileEncoding = 4; lastKnownFileType = sourcecode.c.h; path = "NSURL+Base.h"; sourceTree = "<group>"; };
		92ED02611B6D86FA00D1C5D1 /* NSURL+Base.m */ = {isa = PBXFileReference; fileEncoding = 4; lastKnownFileType = sourcecode.c.objc; path = "NSURL+Base.m"; sourceTree = "<group>"; };
		92ED02631B6D86FA00D1C5D1 /* Base64Transcoder.c */ = {isa = PBXFileReference; fileEncoding = 4; lastKnownFileType = sourcecode.c.c; path = Base64Transcoder.c; sourceTree = "<group>"; };
		92ED02641B6D86FA00D1C5D1 /* Base64Transcoder.h */ = {isa = PBXFileReference; fileEncoding = 4; lastKnownFileType = sourcecode.c.h; path = Base64Transcoder.h; sourceTree = "<group>"; };
		92ED02651B6D86FA00D1C5D1 /* hmac.c */ = {isa = PBXFileReference; fileEncoding = 4; lastKnownFileType = sourcecode.c.c; path = hmac.c; sourceTree = "<group>"; };
		92ED02661B6D86FA00D1C5D1 /* hmac.h */ = {isa = PBXFileReference; fileEncoding = 4; lastKnownFileType = sourcecode.c.h; path = hmac.h; sourceTree = "<group>"; };
		92ED02671B6D86FA00D1C5D1 /* sha1.c */ = {isa = PBXFileReference; fileEncoding = 4; lastKnownFileType = sourcecode.c.c; path = sha1.c; sourceTree = "<group>"; };
		92ED02681B6D86FA00D1C5D1 /* sha1.h */ = {isa = PBXFileReference; fileEncoding = 4; lastKnownFileType = sourcecode.c.h; path = sha1.h; sourceTree = "<group>"; };
		92ED02691B6D86FA00D1C5D1 /* OACall.h */ = {isa = PBXFileReference; fileEncoding = 4; lastKnownFileType = sourcecode.c.h; path = OACall.h; sourceTree = "<group>"; };
		92ED026A1B6D86FA00D1C5D1 /* OACall.m */ = {isa = PBXFileReference; fileEncoding = 4; lastKnownFileType = sourcecode.c.objc; path = OACall.m; sourceTree = "<group>"; };
		92ED026B1B6D86FA00D1C5D1 /* OAConsumer.h */ = {isa = PBXFileReference; fileEncoding = 4; lastKnownFileType = sourcecode.c.h; path = OAConsumer.h; sourceTree = "<group>"; };
		92ED026C1B6D86FA00D1C5D1 /* OAConsumer.m */ = {isa = PBXFileReference; fileEncoding = 4; lastKnownFileType = sourcecode.c.objc; path = OAConsumer.m; sourceTree = "<group>"; };
		92ED026D1B6D86FA00D1C5D1 /* OADataFetcher.h */ = {isa = PBXFileReference; fileEncoding = 4; lastKnownFileType = sourcecode.c.h; path = OADataFetcher.h; sourceTree = "<group>"; };
		92ED026E1B6D86FA00D1C5D1 /* OADataFetcher.m */ = {isa = PBXFileReference; fileEncoding = 4; lastKnownFileType = sourcecode.c.objc; path = OADataFetcher.m; sourceTree = "<group>"; };
		92ED026F1B6D86FA00D1C5D1 /* OAHMAC_SHA1SignatureProvider.h */ = {isa = PBXFileReference; fileEncoding = 4; lastKnownFileType = sourcecode.c.h; path = OAHMAC_SHA1SignatureProvider.h; sourceTree = "<group>"; };
		92ED02701B6D86FA00D1C5D1 /* OAHMAC_SHA1SignatureProvider.m */ = {isa = PBXFileReference; fileEncoding = 4; lastKnownFileType = sourcecode.c.objc; path = OAHMAC_SHA1SignatureProvider.m; sourceTree = "<group>"; };
		92ED02711B6D86FA00D1C5D1 /* OAMutableURLRequest.h */ = {isa = PBXFileReference; fileEncoding = 4; lastKnownFileType = sourcecode.c.h; path = OAMutableURLRequest.h; sourceTree = "<group>"; };
		92ED02721B6D86FA00D1C5D1 /* OAMutableURLRequest.m */ = {isa = PBXFileReference; fileEncoding = 4; lastKnownFileType = sourcecode.c.objc; path = OAMutableURLRequest.m; sourceTree = "<group>"; };
		92ED02731B6D86FA00D1C5D1 /* OAPlaintextSignatureProvider.h */ = {isa = PBXFileReference; fileEncoding = 4; lastKnownFileType = sourcecode.c.h; path = OAPlaintextSignatureProvider.h; sourceTree = "<group>"; };
		92ED02741B6D86FA00D1C5D1 /* OAPlaintextSignatureProvider.m */ = {isa = PBXFileReference; fileEncoding = 4; lastKnownFileType = sourcecode.c.objc; path = OAPlaintextSignatureProvider.m; sourceTree = "<group>"; };
		92ED02751B6D86FA00D1C5D1 /* OAProblem.h */ = {isa = PBXFileReference; fileEncoding = 4; lastKnownFileType = sourcecode.c.h; path = OAProblem.h; sourceTree = "<group>"; };
		92ED02761B6D86FA00D1C5D1 /* OAProblem.m */ = {isa = PBXFileReference; fileEncoding = 4; lastKnownFileType = sourcecode.c.objc; path = OAProblem.m; sourceTree = "<group>"; };
		92ED02771B6D86FA00D1C5D1 /* OARequestParameter.h */ = {isa = PBXFileReference; fileEncoding = 4; lastKnownFileType = sourcecode.c.h; path = OARequestParameter.h; sourceTree = "<group>"; };
		92ED02781B6D86FA00D1C5D1 /* OARequestParameter.m */ = {isa = PBXFileReference; fileEncoding = 4; lastKnownFileType = sourcecode.c.objc; path = OARequestParameter.m; sourceTree = "<group>"; };
		92ED02791B6D86FA00D1C5D1 /* OAServiceTicket.h */ = {isa = PBXFileReference; fileEncoding = 4; lastKnownFileType = sourcecode.c.h; path = OAServiceTicket.h; sourceTree = "<group>"; };
		92ED027A1B6D86FA00D1C5D1 /* OAServiceTicket.m */ = {isa = PBXFileReference; fileEncoding = 4; lastKnownFileType = sourcecode.c.objc; path = OAServiceTicket.m; sourceTree = "<group>"; };
		92ED027B1B6D86FA00D1C5D1 /* OASignatureProviding.h */ = {isa = PBXFileReference; fileEncoding = 4; lastKnownFileType = sourcecode.c.h; path = OASignatureProviding.h; sourceTree = "<group>"; };
		92ED027C1B6D86FA00D1C5D1 /* OAToken.h */ = {isa = PBXFileReference; fileEncoding = 4; lastKnownFileType = sourcecode.c.h; path = OAToken.h; sourceTree = "<group>"; };
		92ED027D1B6D86FA00D1C5D1 /* OAToken.m */ = {isa = PBXFileReference; fileEncoding = 4; lastKnownFileType = sourcecode.c.objc; path = OAToken.m; sourceTree = "<group>"; };
		92ED027E1B6D86FA00D1C5D1 /* OATokenManager.h */ = {isa = PBXFileReference; fileEncoding = 4; lastKnownFileType = sourcecode.c.h; path = OATokenManager.h; sourceTree = "<group>"; };
		92ED027F1B6D86FA00D1C5D1 /* OATokenManager.m */ = {isa = PBXFileReference; fileEncoding = 4; lastKnownFileType = sourcecode.c.objc; path = OATokenManager.m; sourceTree = "<group>"; };
		92ED02801B6D86FA00D1C5D1 /* OAuthConsumer.h */ = {isa = PBXFileReference; fileEncoding = 4; lastKnownFileType = sourcecode.c.h; path = OAuthConsumer.h; sourceTree = "<group>"; };
		92ED02811B6D86FA00D1C5D1 /* YelpAPISample-Prefix.pch */ = {isa = PBXFileReference; fileEncoding = 4; lastKnownFileType = sourcecode.c.h; path = "YelpAPISample-Prefix.pch"; sourceTree = "<group>"; };
		92ED02821B6D86FA00D1C5D1 /* YPAPISample.h */ = {isa = PBXFileReference; fileEncoding = 4; lastKnownFileType = sourcecode.c.h; path = YPAPISample.h; sourceTree = "<group>"; };
		92ED02831B6D86FA00D1C5D1 /* YPAPISample.m */ = {isa = PBXFileReference; fileEncoding = 4; lastKnownFileType = sourcecode.c.objc; path = YPAPISample.m; sourceTree = "<group>"; };
		92ED02971B6D9B9000D1C5D1 /* Restaurant.h */ = {isa = PBXFileReference; fileEncoding = 4; lastKnownFileType = sourcecode.c.h; path = Restaurant.h; sourceTree = "<group>"; };
		92ED02981B6D9B9000D1C5D1 /* Restaurant.m */ = {isa = PBXFileReference; fileEncoding = 4; lastKnownFileType = sourcecode.c.objc; path = Restaurant.m; sourceTree = "<group>"; };
		92EDFE8D1B6C3B6300D1C5D1 /* HttpClient.h */ = {isa = PBXFileReference; fileEncoding = 4; lastKnownFileType = sourcecode.c.h; path = HttpClient.h; sourceTree = "<group>"; };
		92EDFE8E1B6C3B6300D1C5D1 /* HttpClient.m */ = {isa = PBXFileReference; fileEncoding = 4; lastKnownFileType = sourcecode.c.objc; path = HttpClient.m; sourceTree = "<group>"; };
		983AEA641B6AC5BB0063C498 /* Dish+Creater.h */ = {isa = PBXFileReference; fileEncoding = 4; lastKnownFileType = sourcecode.c.h; path = "Dish+Creater.h"; sourceTree = "<group>"; };
		983AEA651B6AC5BB0063C498 /* Dish+Creater.m */ = {isa = PBXFileReference; fileEncoding = 4; lastKnownFileType = sourcecode.c.objc; path = "Dish+Creater.m"; sourceTree = "<group>"; };
		985718B61B6A8E09001CA355 /* TakeoutAssistant.app */ = {isa = PBXFileReference; explicitFileType = wrapper.application; includeInIndex = 0; path = TakeoutAssistant.app; sourceTree = BUILT_PRODUCTS_DIR; };
		985718BA1B6A8E09001CA355 /* Info.plist */ = {isa = PBXFileReference; lastKnownFileType = text.plist.xml; path = Info.plist; sourceTree = "<group>"; };
		985718BB1B6A8E09001CA355 /* main.m */ = {isa = PBXFileReference; lastKnownFileType = sourcecode.c.objc; path = main.m; sourceTree = "<group>"; };
		985718BD1B6A8E09001CA355 /* AppDelegate.h */ = {isa = PBXFileReference; lastKnownFileType = sourcecode.c.h; path = AppDelegate.h; sourceTree = "<group>"; };
		985718BE1B6A8E09001CA355 /* AppDelegate.m */ = {isa = PBXFileReference; lastKnownFileType = sourcecode.c.objc; path = AppDelegate.m; sourceTree = "<group>"; };
		985718C41B6A8E09001CA355 /* Base */ = {isa = PBXFileReference; lastKnownFileType = file.storyboard; name = Base; path = Base.lproj/Main.storyboard; sourceTree = "<group>"; };
		985718C61B6A8E09001CA355 /* Images.xcassets */ = {isa = PBXFileReference; lastKnownFileType = folder.assetcatalog; path = Images.xcassets; sourceTree = "<group>"; };
		985718C91B6A8E09001CA355 /* Base */ = {isa = PBXFileReference; lastKnownFileType = file.xib; name = Base; path = Base.lproj/LaunchScreen.xib; sourceTree = "<group>"; };
		985718CF1B6A8E09001CA355 /* TakeoutAssistantTests.xctest */ = {isa = PBXFileReference; explicitFileType = wrapper.cfbundle; includeInIndex = 0; path = TakeoutAssistantTests.xctest; sourceTree = BUILT_PRODUCTS_DIR; };
		985718D41B6A8E09001CA355 /* Info.plist */ = {isa = PBXFileReference; lastKnownFileType = text.plist.xml; path = Info.plist; sourceTree = "<group>"; };
		985718D51B6A8E09001CA355 /* TakeoutAssistantTests.m */ = {isa = PBXFileReference; lastKnownFileType = sourcecode.c.objc; path = TakeoutAssistantTests.m; sourceTree = "<group>"; };
		985718E01B6A8F7D001CA355 /* MenuModel.xcdatamodel */ = {isa = PBXFileReference; lastKnownFileType = wrapper.xcdatamodel; path = MenuModel.xcdatamodel; sourceTree = "<group>"; };
		985718EC1B6A919D001CA355 /* Dish.h */ = {isa = PBXFileReference; fileEncoding = 4; lastKnownFileType = sourcecode.c.h; path = Dish.h; sourceTree = "<group>"; };
		985718ED1B6A919D001CA355 /* Dish.m */ = {isa = PBXFileReference; fileEncoding = 4; lastKnownFileType = sourcecode.c.objc; path = Dish.m; sourceTree = "<group>"; };
		985718F21B6AA08F001CA355 /* RestaurantViewController.h */ = {isa = PBXFileReference; fileEncoding = 4; lastKnownFileType = sourcecode.c.h; path = RestaurantViewController.h; sourceTree = "<group>"; };
		985718F31B6AA08F001CA355 /* RestaurantViewController.m */ = {isa = PBXFileReference; fileEncoding = 4; lastKnownFileType = sourcecode.c.objc; path = RestaurantViewController.m; sourceTree = "<group>"; };
		985718FB1B6AB90A001CA355 /* Restaurant+Creater.h */ = {isa = PBXFileReference; fileEncoding = 4; lastKnownFileType = sourcecode.c.h; path = "Restaurant+Creater.h"; sourceTree = "<group>"; };
		985718FC1B6AB90A001CA355 /* Restaurant+Creater.m */ = {isa = PBXFileReference; fileEncoding = 4; lastKnownFileType = sourcecode.c.objc; path = "Restaurant+Creater.m"; sourceTree = "<group>"; };
		9A23D9E0FD6486464EB4859C /* libPods-TakeoutAssistant.a */ = {isa = PBXFileReference; explicitFileType = archive.ar; includeInIndex = 0; path = "libPods-TakeoutAssistant.a"; sourceTree = BUILT_PRODUCTS_DIR; };
		FBFEF342C62CCE5103C63505 /* Pods-TakeoutAssistant.release.xcconfig */ = {isa = PBXFileReference; includeInIndex = 1; lastKnownFileType = text.xcconfig; name = "Pods-TakeoutAssistant.release.xcconfig"; path = "Pods/Target Support Files/Pods-TakeoutAssistant/Pods-TakeoutAssistant.release.xcconfig"; sourceTree = "<group>"; };
/* End PBXFileReference section */

/* Begin PBXFrameworksBuildPhase section */
		985718B31B6A8E09001CA355 /* Frameworks */ = {
			isa = PBXFrameworksBuildPhase;
			buildActionMask = 2147483647;
			files = (
				3F963B9E1B6C2FEF00EBAAE8 /* libstdc++.6.0.9.dylib in Frameworks */,
				3F963B9C1B6C2FE500EBAAE8 /* libz.dylib in Frameworks */,
				3F963B9A1B6C2FDE00EBAAE8 /* CoreImage.framework in Frameworks */,
				3F963B981B6C2FA600EBAAE8 /* Foundation.framework in Frameworks */,
				3F963B961B6C2F9D00EBAAE8 /* CoreGraphics.framework in Frameworks */,
				3F963B941B6C2F9500EBAAE8 /* UIKit.framework in Frameworks */,
				BA1ACFCF46656E6CC8DC5E0A /* libPods-TakeoutAssistant.a in Frameworks */,
			);
			runOnlyForDeploymentPostprocessing = 0;
		};
		985718CC1B6A8E09001CA355 /* Frameworks */ = {
			isa = PBXFrameworksBuildPhase;
			buildActionMask = 2147483647;
			files = (
			);
			runOnlyForDeploymentPostprocessing = 0;
		};
/* End PBXFrameworksBuildPhase section */

/* Begin PBXGroup section */
		3F10A9CF1B6D3D8000829333 /* Images */ = {
			isa = PBXGroup;
			children = (
				3F10A9E61B6D581D00829333 /* Restaurant_thumbstail.png */,
				3F10A9D81B6D513C00829333 /* shareToT.png */,
				3F10A9E21B6D56F000829333 /* yelp.png */,
				3F10A9E01B6D56A600829333 /* tel_icon.png */,
				3F10A9D01B6D3DD500829333 /* background.png */,
			);
			name = Images;
			sourceTree = "<group>";
		};
		53EE4429897649FD374A72EC /* Frameworks */ = {
			isa = PBXGroup;
			children = (
				3F963B9D1B6C2FEF00EBAAE8 /* libstdc++.6.0.9.dylib */,
				3F963B9B1B6C2FE500EBAAE8 /* libz.dylib */,
				3F963B991B6C2FDE00EBAAE8 /* CoreImage.framework */,
				3F963B971B6C2FA600EBAAE8 /* Foundation.framework */,
				3F963B951B6C2F9D00EBAAE8 /* CoreGraphics.framework */,
				3F963B931B6C2F9500EBAAE8 /* UIKit.framework */,
				9A23D9E0FD6486464EB4859C /* libPods-TakeoutAssistant.a */,
			);
			name = Frameworks;
			sourceTree = "<group>";
		};
		92ED025A1B6D86FA00D1C5D1 /* OAuthConsumer */ = {
			isa = PBXGroup;
			children = (
				92ED025B1B6D86FA00D1C5D1 /* Categories */,
				92ED02621B6D86FA00D1C5D1 /* Crytpo */,
				92ED02691B6D86FA00D1C5D1 /* OACall.h */,
				92ED026A1B6D86FA00D1C5D1 /* OACall.m */,
				92ED026B1B6D86FA00D1C5D1 /* OAConsumer.h */,
				92ED026C1B6D86FA00D1C5D1 /* OAConsumer.m */,
				92ED026D1B6D86FA00D1C5D1 /* OADataFetcher.h */,
				92ED026E1B6D86FA00D1C5D1 /* OADataFetcher.m */,
				92ED026F1B6D86FA00D1C5D1 /* OAHMAC_SHA1SignatureProvider.h */,
				92ED02701B6D86FA00D1C5D1 /* OAHMAC_SHA1SignatureProvider.m */,
				92ED02711B6D86FA00D1C5D1 /* OAMutableURLRequest.h */,
				92ED02721B6D86FA00D1C5D1 /* OAMutableURLRequest.m */,
				92ED02731B6D86FA00D1C5D1 /* OAPlaintextSignatureProvider.h */,
				92ED02741B6D86FA00D1C5D1 /* OAPlaintextSignatureProvider.m */,
				92ED02751B6D86FA00D1C5D1 /* OAProblem.h */,
				92ED02761B6D86FA00D1C5D1 /* OAProblem.m */,
				92ED02771B6D86FA00D1C5D1 /* OARequestParameter.h */,
				92ED02781B6D86FA00D1C5D1 /* OARequestParameter.m */,
				92ED02791B6D86FA00D1C5D1 /* OAServiceTicket.h */,
				92ED027A1B6D86FA00D1C5D1 /* OAServiceTicket.m */,
				92ED027B1B6D86FA00D1C5D1 /* OASignatureProviding.h */,
				92ED027C1B6D86FA00D1C5D1 /* OAToken.h */,
				92ED027D1B6D86FA00D1C5D1 /* OAToken.m */,
				92ED027E1B6D86FA00D1C5D1 /* OATokenManager.h */,
				92ED027F1B6D86FA00D1C5D1 /* OATokenManager.m */,
				92ED02801B6D86FA00D1C5D1 /* OAuthConsumer.h */,
			);
			path = OAuthConsumer;
			sourceTree = "<group>";
		};
		92ED025B1B6D86FA00D1C5D1 /* Categories */ = {
			isa = PBXGroup;
			children = (
				92ED025C1B6D86FA00D1C5D1 /* NSMutableURLRequest+Parameters.h */,
				92ED025D1B6D86FA00D1C5D1 /* NSMutableURLRequest+Parameters.m */,
				92ED025E1B6D86FA00D1C5D1 /* NSString+URLEncoding.h */,
				92ED025F1B6D86FA00D1C5D1 /* NSString+URLEncoding.m */,
				92ED02601B6D86FA00D1C5D1 /* NSURL+Base.h */,
				92ED02611B6D86FA00D1C5D1 /* NSURL+Base.m */,
			);
			path = Categories;
			sourceTree = "<group>";
		};
		92ED02621B6D86FA00D1C5D1 /* Crytpo */ = {
			isa = PBXGroup;
			children = (
				92ED02631B6D86FA00D1C5D1 /* Base64Transcoder.c */,
				92ED02641B6D86FA00D1C5D1 /* Base64Transcoder.h */,
				92ED02651B6D86FA00D1C5D1 /* hmac.c */,
				92ED02661B6D86FA00D1C5D1 /* hmac.h */,
				92ED02671B6D86FA00D1C5D1 /* sha1.c */,
				92ED02681B6D86FA00D1C5D1 /* sha1.h */,
			);
			path = Crytpo;
			sourceTree = "<group>";
		};
		92EDFE8C1B6C3B4200D1C5D1 /* HttpClient */ = {
			isa = PBXGroup;
			children = (
				92ED025A1B6D86FA00D1C5D1 /* OAuthConsumer */,
				92ED02581B6D86FA00D1C5D1 /* NSURLRequest+OAuth.h */,
				92ED02591B6D86FA00D1C5D1 /* NSURLRequest+OAuth.m */,
				92ED02811B6D86FA00D1C5D1 /* YelpAPISample-Prefix.pch */,
				92ED02821B6D86FA00D1C5D1 /* YPAPISample.h */,
				92ED02831B6D86FA00D1C5D1 /* YPAPISample.m */,
				92EDFE8D1B6C3B6300D1C5D1 /* HttpClient.h */,
				92EDFE8E1B6C3B6300D1C5D1 /* HttpClient.m */,
			);
			name = HttpClient;
			sourceTree = "<group>";
		};
		985718AD1B6A8E09001CA355 = {
			isa = PBXGroup;
			children = (
				3F10A9CF1B6D3D8000829333 /* Images */,
				985718B81B6A8E09001CA355 /* TakeoutAssistant */,
				985718D21B6A8E09001CA355 /* TakeoutAssistantTests */,
				985718B71B6A8E09001CA355 /* Products */,
				E767D1EE8260BDBE5CB7996E /* Pods */,
				53EE4429897649FD374A72EC /* Frameworks */,
			);
			sourceTree = "<group>";
		};
		985718B71B6A8E09001CA355 /* Products */ = {
			isa = PBXGroup;
			children = (
				985718B61B6A8E09001CA355 /* TakeoutAssistant.app */,
				985718CF1B6A8E09001CA355 /* TakeoutAssistantTests.xctest */,
			);
			name = Products;
			sourceTree = "<group>";
		};
		985718B81B6A8E09001CA355 /* TakeoutAssistant */ = {
			isa = PBXGroup;
			children = (
				985718E21B6A9160001CA355 /* Model */,
				985718C31B6A8E09001CA355 /* Main.storyboard */,
				985718C61B6A8E09001CA355 /* Images.xcassets */,
				985718C81B6A8E09001CA355 /* LaunchScreen.xib */,
				985718B91B6A8E09001CA355 /* Supporting Files */,
			);
			path = TakeoutAssistant;
			sourceTree = "<group>";
		};
		985718B91B6A8E09001CA355 /* Supporting Files */ = {
			isa = PBXGroup;
			children = (
				3F10A9D51B6D46A000829333 /* RestaurantDetailViewController.h */,
				3F10A9D61B6D46A100829333 /* RestaurantDetailViewController.m */,
				985718F21B6AA08F001CA355 /* RestaurantViewController.h */,
				985718F31B6AA08F001CA355 /* RestaurantViewController.m */,
				985718BD1B6A8E09001CA355 /* AppDelegate.h */,
				985718BE1B6A8E09001CA355 /* AppDelegate.m */,
				985718BA1B6A8E09001CA355 /* Info.plist */,
				985718BB1B6A8E09001CA355 /* main.m */,
			);
			name = "Supporting Files";
			sourceTree = "<group>";
		};
		985718D21B6A8E09001CA355 /* TakeoutAssistantTests */ = {
			isa = PBXGroup;
			children = (
				985718D51B6A8E09001CA355 /* TakeoutAssistantTests.m */,
				985718D31B6A8E09001CA355 /* Supporting Files */,
			);
			path = TakeoutAssistantTests;
			sourceTree = "<group>";
		};
		985718D31B6A8E09001CA355 /* Supporting Files */ = {
			isa = PBXGroup;
			children = (
				985718D41B6A8E09001CA355 /* Info.plist */,
			);
			name = "Supporting Files";
			sourceTree = "<group>";
		};
		985718E21B6A9160001CA355 /* Model */ = {
			isa = PBXGroup;
			children = (
				92EDFE8C1B6C3B4200D1C5D1 /* HttpClient */,
				92ED02971B6D9B9000D1C5D1 /* Restaurant.h */,
				92ED02981B6D9B9000D1C5D1 /* Restaurant.m */,
				3F963B9F1B6C322800EBAAE8 /* tessdata */,
				985718FB1B6AB90A001CA355 /* Restaurant+Creater.h */,
				985718FC1B6AB90A001CA355 /* Restaurant+Creater.m */,
				983AEA641B6AC5BB0063C498 /* Dish+Creater.h */,
				983AEA651B6AC5BB0063C498 /* Dish+Creater.m */,
				985718EC1B6A919D001CA355 /* Dish.h */,
				985718ED1B6A919D001CA355 /* Dish.m */,
				985718DF1B6A8F7D001CA355 /* MenuModel.xcdatamodeld */,
			);
			name = Model;
			sourceTree = "<group>";
		};
		E767D1EE8260BDBE5CB7996E /* Pods */ = {
			isa = PBXGroup;
			children = (
				4D5D5471631277FD50BA612E /* Pods-TakeoutAssistant.debug.xcconfig */,
				FBFEF342C62CCE5103C63505 /* Pods-TakeoutAssistant.release.xcconfig */,
			);
			name = Pods;
			sourceTree = "<group>";
		};
/* End PBXGroup section */

/* Begin PBXNativeTarget section */
		985718B51B6A8E09001CA355 /* TakeoutAssistant */ = {
			isa = PBXNativeTarget;
			buildConfigurationList = 985718D91B6A8E09001CA355 /* Build configuration list for PBXNativeTarget "TakeoutAssistant" */;
			buildPhases = (
				76462EA49783D00C265A77F2 /* Check Pods Manifest.lock */,
				985718B21B6A8E09001CA355 /* Sources */,
				985718B31B6A8E09001CA355 /* Frameworks */,
				985718B41B6A8E09001CA355 /* Resources */,
				E213746CB928AC862DB86EDA /* Copy Pods Resources */,
			);
			buildRules = (
			);
			dependencies = (
			);
			name = TakeoutAssistant;
			productName = TakeoutAssistant;
			productReference = 985718B61B6A8E09001CA355 /* TakeoutAssistant.app */;
			productType = "com.apple.product-type.application";
		};
		985718CE1B6A8E09001CA355 /* TakeoutAssistantTests */ = {
			isa = PBXNativeTarget;
			buildConfigurationList = 985718DC1B6A8E09001CA355 /* Build configuration list for PBXNativeTarget "TakeoutAssistantTests" */;
			buildPhases = (
				985718CB1B6A8E09001CA355 /* Sources */,
				985718CC1B6A8E09001CA355 /* Frameworks */,
				985718CD1B6A8E09001CA355 /* Resources */,
			);
			buildRules = (
			);
			dependencies = (
				985718D11B6A8E09001CA355 /* PBXTargetDependency */,
			);
			name = TakeoutAssistantTests;
			productName = TakeoutAssistantTests;
			productReference = 985718CF1B6A8E09001CA355 /* TakeoutAssistantTests.xctest */;
			productType = "com.apple.product-type.bundle.unit-test";
		};
/* End PBXNativeTarget section */

/* Begin PBXProject section */
		985718AE1B6A8E09001CA355 /* Project object */ = {
			isa = PBXProject;
			attributes = {
				LastUpgradeCheck = 0640;
				ORGANIZATIONNAME = Team3;
				TargetAttributes = {
					985718B51B6A8E09001CA355 = {
						CreatedOnToolsVersion = 6.4;
					};
					985718CE1B6A8E09001CA355 = {
						CreatedOnToolsVersion = 6.4;
						TestTargetID = 985718B51B6A8E09001CA355;
					};
				};
			};
			buildConfigurationList = 985718B11B6A8E09001CA355 /* Build configuration list for PBXProject "TakeoutAssistant" */;
			compatibilityVersion = "Xcode 3.2";
			developmentRegion = English;
			hasScannedForEncodings = 0;
			knownRegions = (
				en,
				Base,
			);
			mainGroup = 985718AD1B6A8E09001CA355;
			productRefGroup = 985718B71B6A8E09001CA355 /* Products */;
			projectDirPath = "";
			projectRoot = "";
			targets = (
				985718B51B6A8E09001CA355 /* TakeoutAssistant */,
				985718CE1B6A8E09001CA355 /* TakeoutAssistantTests */,
			);
		};
/* End PBXProject section */

/* Begin PBXResourcesBuildPhase section */
		985718B41B6A8E09001CA355 /* Resources */ = {
			isa = PBXResourcesBuildPhase;
			buildActionMask = 2147483647;
			files = (
				985718C51B6A8E09001CA355 /* Main.storyboard in Resources */,
				3F10A9D11B6D3DD500829333 /* background.png in Resources */,
				3F963BA01B6C322800EBAAE8 /* tessdata in Resources */,
				985718CA1B6A8E09001CA355 /* LaunchScreen.xib in Resources */,
				3F10A9E11B6D56A600829333 /* tel_icon.png in Resources */,
				3F10A9E31B6D56F000829333 /* yelp.png in Resources */,
				3F10A9E71B6D581D00829333 /* Restaurant_thumbstail.png in Resources */,
				985718C71B6A8E09001CA355 /* Images.xcassets in Resources */,
				3F10A9D91B6D513C00829333 /* shareToT.png in Resources */,
			);
			runOnlyForDeploymentPostprocessing = 0;
		};
		985718CD1B6A8E09001CA355 /* Resources */ = {
			isa = PBXResourcesBuildPhase;
			buildActionMask = 2147483647;
			files = (
			);
			runOnlyForDeploymentPostprocessing = 0;
		};
/* End PBXResourcesBuildPhase section */

/* Begin PBXShellScriptBuildPhase section */
		76462EA49783D00C265A77F2 /* Check Pods Manifest.lock */ = {
			isa = PBXShellScriptBuildPhase;
			buildActionMask = 2147483647;
			files = (
			);
			inputPaths = (
			);
			name = "Check Pods Manifest.lock";
			outputPaths = (
			);
			runOnlyForDeploymentPostprocessing = 0;
			shellPath = /bin/sh;
			shellScript = "diff \"${PODS_ROOT}/../Podfile.lock\" \"${PODS_ROOT}/Manifest.lock\" > /dev/null\nif [[ $? != 0 ]] ; then\n    cat << EOM\nerror: The sandbox is not in sync with the Podfile.lock. Run 'pod install' or update your CocoaPods installation.\nEOM\n    exit 1\nfi\n";
			showEnvVarsInLog = 0;
		};
		E213746CB928AC862DB86EDA /* Copy Pods Resources */ = {
			isa = PBXShellScriptBuildPhase;
			buildActionMask = 2147483647;
			files = (
			);
			inputPaths = (
			);
			name = "Copy Pods Resources";
			outputPaths = (
			);
			runOnlyForDeploymentPostprocessing = 0;
			shellPath = /bin/sh;
			shellScript = "\"${SRCROOT}/Pods/Target Support Files/Pods-TakeoutAssistant/Pods-TakeoutAssistant-resources.sh\"\n";
			showEnvVarsInLog = 0;
		};
/* End PBXShellScriptBuildPhase section */

/* Begin PBXSourcesBuildPhase section */
		985718B21B6A8E09001CA355 /* Sources */ = {
			isa = PBXSourcesBuildPhase;
			buildActionMask = 2147483647;
			files = (
				92ED02891B6D86FA00D1C5D1 /* hmac.c in Sources */,
				3F10A9D71B6D46A100829333 /* RestaurantDetailViewController.m in Sources */,
				92ED028F1B6D86FA00D1C5D1 /* OAMutableURLRequest.m in Sources */,
				985718E11B6A8F7D001CA355 /* MenuModel.xcdatamodeld in Sources */,
				92ED02921B6D86FA00D1C5D1 /* OARequestParameter.m in Sources */,
				92ED02961B6D86FA00D1C5D1 /* YPAPISample.m in Sources */,
				92ED02851B6D86FA00D1C5D1 /* NSMutableURLRequest+Parameters.m in Sources */,
				985718FD1B6AB90A001CA355 /* Restaurant+Creater.m in Sources */,
				92ED02941B6D86FA00D1C5D1 /* OAToken.m in Sources */,
				983AEA661B6AC5BB0063C498 /* Dish+Creater.m in Sources */,
				92ED02881B6D86FA00D1C5D1 /* Base64Transcoder.c in Sources */,
				92EDFE8F1B6C3B6300D1C5D1 /* HttpClient.m in Sources */,
				92ED028C1B6D86FA00D1C5D1 /* OAConsumer.m in Sources */,
				985718EE1B6A919D001CA355 /* Dish.m in Sources */,
				92ED02931B6D86FA00D1C5D1 /* OAServiceTicket.m in Sources */,
				92ED028E1B6D86FA00D1C5D1 /* OAHMAC_SHA1SignatureProvider.m in Sources */,
				92ED02871B6D86FA00D1C5D1 /* NSURL+Base.m in Sources */,
				92ED028B1B6D86FA00D1C5D1 /* OACall.m in Sources */,
				92ED02911B6D86FA00D1C5D1 /* OAProblem.m in Sources */,
				92ED02951B6D86FA00D1C5D1 /* OATokenManager.m in Sources */,
				985718BF1B6A8E09001CA355 /* AppDelegate.m in Sources */,
				985718F41B6AA08F001CA355 /* RestaurantViewController.m in Sources */,
				92ED02991B6D9B9000D1C5D1 /* Restaurant.m in Sources */,
				92ED02841B6D86FA00D1C5D1 /* NSURLRequest+OAuth.m in Sources */,
				92ED028A1B6D86FA00D1C5D1 /* sha1.c in Sources */,
				92ED02901B6D86FA00D1C5D1 /* OAPlaintextSignatureProvider.m in Sources */,
				92ED028D1B6D86FA00D1C5D1 /* OADataFetcher.m in Sources */,
				92ED02861B6D86FA00D1C5D1 /* NSString+URLEncoding.m in Sources */,
				985718BC1B6A8E09001CA355 /* main.m in Sources */,
			);
			runOnlyForDeploymentPostprocessing = 0;
		};
		985718CB1B6A8E09001CA355 /* Sources */ = {
			isa = PBXSourcesBuildPhase;
			buildActionMask = 2147483647;
			files = (
				985718D61B6A8E09001CA355 /* TakeoutAssistantTests.m in Sources */,
			);
			runOnlyForDeploymentPostprocessing = 0;
		};
/* End PBXSourcesBuildPhase section */

/* Begin PBXTargetDependency section */
		985718D11B6A8E09001CA355 /* PBXTargetDependency */ = {
			isa = PBXTargetDependency;
			target = 985718B51B6A8E09001CA355 /* TakeoutAssistant */;
			targetProxy = 985718D01B6A8E09001CA355 /* PBXContainerItemProxy */;
		};
/* End PBXTargetDependency section */

/* Begin PBXVariantGroup section */
		985718C31B6A8E09001CA355 /* Main.storyboard */ = {
			isa = PBXVariantGroup;
			children = (
				985718C41B6A8E09001CA355 /* Base */,
			);
			name = Main.storyboard;
			sourceTree = "<group>";
		};
		985718C81B6A8E09001CA355 /* LaunchScreen.xib */ = {
			isa = PBXVariantGroup;
			children = (
				985718C91B6A8E09001CA355 /* Base */,
			);
			name = LaunchScreen.xib;
			sourceTree = "<group>";
		};
/* End PBXVariantGroup section */

/* Begin XCBuildConfiguration section */
		985718D71B6A8E09001CA355 /* Debug */ = {
			isa = XCBuildConfiguration;
			buildSettings = {
				ALWAYS_SEARCH_USER_PATHS = NO;
				CLANG_CXX_LANGUAGE_STANDARD = "gnu++0x";
				CLANG_CXX_LIBRARY = "libc++";
				CLANG_ENABLE_MODULES = YES;
				CLANG_ENABLE_OBJC_ARC = YES;
				CLANG_WARN_BOOL_CONVERSION = YES;
				CLANG_WARN_CONSTANT_CONVERSION = YES;
				CLANG_WARN_DIRECT_OBJC_ISA_USAGE = YES_ERROR;
				CLANG_WARN_EMPTY_BODY = YES;
				CLANG_WARN_ENUM_CONVERSION = YES;
				CLANG_WARN_INT_CONVERSION = YES;
				CLANG_WARN_OBJC_ROOT_CLASS = YES_ERROR;
				CLANG_WARN_UNREACHABLE_CODE = YES;
				CLANG_WARN__DUPLICATE_METHOD_MATCH = YES;
				"CODE_SIGN_IDENTITY[sdk=iphoneos*]" = "iPhone Developer";
				COPY_PHASE_STRIP = NO;
				DEBUG_INFORMATION_FORMAT = "dwarf-with-dsym";
				ENABLE_STRICT_OBJC_MSGSEND = YES;
				GCC_C_LANGUAGE_STANDARD = gnu99;
				GCC_DYNAMIC_NO_PIC = NO;
				GCC_NO_COMMON_BLOCKS = YES;
				GCC_OPTIMIZATION_LEVEL = 0;
				GCC_PREPROCESSOR_DEFINITIONS = (
					"DEBUG=1",
					"$(inherited)",
				);
				GCC_SYMBOLS_PRIVATE_EXTERN = NO;
				GCC_WARN_64_TO_32_BIT_CONVERSION = YES;
				GCC_WARN_ABOUT_RETURN_TYPE = YES_ERROR;
				GCC_WARN_UNDECLARED_SELECTOR = YES;
				GCC_WARN_UNINITIALIZED_AUTOS = YES_AGGRESSIVE;
				GCC_WARN_UNUSED_FUNCTION = YES;
				GCC_WARN_UNUSED_VARIABLE = YES;
				IPHONEOS_DEPLOYMENT_TARGET = 8.4;
				MTL_ENABLE_DEBUG_INFO = YES;
				ONLY_ACTIVE_ARCH = YES;
				SDKROOT = iphoneos;
			};
			name = Debug;
		};
		985718D81B6A8E09001CA355 /* Release */ = {
			isa = XCBuildConfiguration;
			buildSettings = {
				ALWAYS_SEARCH_USER_PATHS = NO;
				CLANG_CXX_LANGUAGE_STANDARD = "gnu++0x";
				CLANG_CXX_LIBRARY = "libc++";
				CLANG_ENABLE_MODULES = YES;
				CLANG_ENABLE_OBJC_ARC = YES;
				CLANG_WARN_BOOL_CONVERSION = YES;
				CLANG_WARN_CONSTANT_CONVERSION = YES;
				CLANG_WARN_DIRECT_OBJC_ISA_USAGE = YES_ERROR;
				CLANG_WARN_EMPTY_BODY = YES;
				CLANG_WARN_ENUM_CONVERSION = YES;
				CLANG_WARN_INT_CONVERSION = YES;
				CLANG_WARN_OBJC_ROOT_CLASS = YES_ERROR;
				CLANG_WARN_UNREACHABLE_CODE = YES;
				CLANG_WARN__DUPLICATE_METHOD_MATCH = YES;
				"CODE_SIGN_IDENTITY[sdk=iphoneos*]" = "iPhone Developer";
				COPY_PHASE_STRIP = NO;
				DEBUG_INFORMATION_FORMAT = "dwarf-with-dsym";
				ENABLE_NS_ASSERTIONS = NO;
				ENABLE_STRICT_OBJC_MSGSEND = YES;
				GCC_C_LANGUAGE_STANDARD = gnu99;
				GCC_NO_COMMON_BLOCKS = YES;
				GCC_WARN_64_TO_32_BIT_CONVERSION = YES;
				GCC_WARN_ABOUT_RETURN_TYPE = YES_ERROR;
				GCC_WARN_UNDECLARED_SELECTOR = YES;
				GCC_WARN_UNINITIALIZED_AUTOS = YES_AGGRESSIVE;
				GCC_WARN_UNUSED_FUNCTION = YES;
				GCC_WARN_UNUSED_VARIABLE = YES;
				IPHONEOS_DEPLOYMENT_TARGET = 8.4;
				MTL_ENABLE_DEBUG_INFO = NO;
				SDKROOT = iphoneos;
				VALIDATE_PRODUCT = YES;
			};
			name = Release;
		};
		985718DA1B6A8E09001CA355 /* Debug */ = {
			isa = XCBuildConfiguration;
			baseConfigurationReference = 4D5D5471631277FD50BA612E /* Pods-TakeoutAssistant.debug.xcconfig */;
			buildSettings = {
				ASSETCATALOG_COMPILER_APPICON_NAME = AppIcon;
				INFOPLIST_FILE = TakeoutAssistant/Info.plist;
				LD_RUNPATH_SEARCH_PATHS = "$(inherited) @executable_path/Frameworks";
				PRODUCT_NAME = "$(TARGET_NAME)";
			};
			name = Debug;
		};
		985718DB1B6A8E09001CA355 /* Release */ = {
			isa = XCBuildConfiguration;
			baseConfigurationReference = FBFEF342C62CCE5103C63505 /* Pods-TakeoutAssistant.release.xcconfig */;
			buildSettings = {
				ASSETCATALOG_COMPILER_APPICON_NAME = AppIcon;
				INFOPLIST_FILE = TakeoutAssistant/Info.plist;
				LD_RUNPATH_SEARCH_PATHS = "$(inherited) @executable_path/Frameworks";
				PRODUCT_NAME = "$(TARGET_NAME)";
			};
			name = Release;
		};
		985718DD1B6A8E09001CA355 /* Debug */ = {
			isa = XCBuildConfiguration;
			buildSettings = {
				BUNDLE_LOADER = "$(TEST_HOST)";
				FRAMEWORK_SEARCH_PATHS = (
					"$(SDKROOT)/Developer/Library/Frameworks",
					"$(inherited)",
				);
				GCC_PREPROCESSOR_DEFINITIONS = (
					"DEBUG=1",
					"$(inherited)",
				);
				INFOPLIST_FILE = TakeoutAssistantTests/Info.plist;
				LD_RUNPATH_SEARCH_PATHS = "$(inherited) @executable_path/Frameworks @loader_path/Frameworks";
				PRODUCT_NAME = "$(TARGET_NAME)";
				TEST_HOST = "$(BUILT_PRODUCTS_DIR)/TakeoutAssistant.app/TakeoutAssistant";
			};
			name = Debug;
		};
		985718DE1B6A8E09001CA355 /* Release */ = {
			isa = XCBuildConfiguration;
			buildSettings = {
				BUNDLE_LOADER = "$(TEST_HOST)";
				FRAMEWORK_SEARCH_PATHS = (
					"$(SDKROOT)/Developer/Library/Frameworks",
					"$(inherited)",
				);
				INFOPLIST_FILE = TakeoutAssistantTests/Info.plist;
				LD_RUNPATH_SEARCH_PATHS = "$(inherited) @executable_path/Frameworks @loader_path/Frameworks";
				PRODUCT_NAME = "$(TARGET_NAME)";
				TEST_HOST = "$(BUILT_PRODUCTS_DIR)/TakeoutAssistant.app/TakeoutAssistant";
			};
			name = Release;
		};
/* End XCBuildConfiguration section */

/* Begin XCConfigurationList section */
		985718B11B6A8E09001CA355 /* Build configuration list for PBXProject "TakeoutAssistant" */ = {
			isa = XCConfigurationList;
			buildConfigurations = (
				985718D71B6A8E09001CA355 /* Debug */,
				985718D81B6A8E09001CA355 /* Release */,
			);
			defaultConfigurationIsVisible = 0;
			defaultConfigurationName = Release;
		};
		985718D91B6A8E09001CA355 /* Build configuration list for PBXNativeTarget "TakeoutAssistant" */ = {
			isa = XCConfigurationList;
			buildConfigurations = (
				985718DA1B6A8E09001CA355 /* Debug */,
				985718DB1B6A8E09001CA355 /* Release */,
			);
			defaultConfigurationIsVisible = 0;
			defaultConfigurationName = Release;
		};
		985718DC1B6A8E09001CA355 /* Build configuration list for PBXNativeTarget "TakeoutAssistantTests" */ = {
			isa = XCConfigurationList;
			buildConfigurations = (
				985718DD1B6A8E09001CA355 /* Debug */,
				985718DE1B6A8E09001CA355 /* Release */,
			);
			defaultConfigurationIsVisible = 0;
			defaultConfigurationName = Release;
		};
/* End XCConfigurationList section */

/* Begin XCVersionGroup section */
		985718DF1B6A8F7D001CA355 /* MenuModel.xcdatamodeld */ = {
			isa = XCVersionGroup;
			children = (
				985718E01B6A8F7D001CA355 /* MenuModel.xcdatamodel */,
			);
			currentVersion = 985718E01B6A8F7D001CA355 /* MenuModel.xcdatamodel */;
			name = MenuModel.xcdatamodeld;
			path = ../Model/MenuModel.xcdatamodeld;
			sourceTree = "<group>";
			versionGroupType = wrapper.xcdatamodel;
		};
/* End XCVersionGroup section */
	};
	rootObject = 985718AE1B6A8E09001CA355 /* Project object */;
}
