// !$*UTF8*$!
{
	archiveVersion = 1;
	classes = {
	};
	objectVersion = 46;
	objects = {

/* Begin PBXBuildFile section */
		3F10A9D11B6D3DD500829333 /* background.png in Resources */ = {isa = PBXBuildFile; fileRef = 3F10A9D01B6D3DD500829333 /* background.png */; };
		3F10A9D41B6D449E00829333 /* RetaurantDetailViewController.m in Sources */ = {isa = PBXBuildFile; fileRef = 3F10A9D31B6D449E00829333 /* RetaurantDetailViewController.m */; };
		3F963B941B6C2F9500EBAAE8 /* UIKit.framework in Frameworks */ = {isa = PBXBuildFile; fileRef = 3F963B931B6C2F9500EBAAE8 /* UIKit.framework */; };
		3F963B961B6C2F9D00EBAAE8 /* CoreGraphics.framework in Frameworks */ = {isa = PBXBuildFile; fileRef = 3F963B951B6C2F9D00EBAAE8 /* CoreGraphics.framework */; };
		3F963B981B6C2FA600EBAAE8 /* Foundation.framework in Frameworks */ = {isa = PBXBuildFile; fileRef = 3F963B971B6C2FA600EBAAE8 /* Foundation.framework */; };
		3F963B9A1B6C2FDE00EBAAE8 /* CoreImage.framework in Frameworks */ = {isa = PBXBuildFile; fileRef = 3F963B991B6C2FDE00EBAAE8 /* CoreImage.framework */; };
		3F963B9C1B6C2FE500EBAAE8 /* libz.dylib in Frameworks */ = {isa = PBXBuildFile; fileRef = 3F963B9B1B6C2FE500EBAAE8 /* libz.dylib */; };
		3F963B9E1B6C2FEF00EBAAE8 /* libstdc++.6.0.9.dylib in Frameworks */ = {isa = PBXBuildFile; fileRef = 3F963B9D1B6C2FEF00EBAAE8 /* libstdc++.6.0.9.dylib */; };
		3F963BA01B6C322800EBAAE8 /* tessdata in Resources */ = {isa = PBXBuildFile; fileRef = 3F963B9F1B6C322800EBAAE8 /* tessdata */; };
		92EDFE8F1B6C3B6300D1C5D1 /* HttpClient.m in Sources */ = {isa = PBXBuildFile; fileRef = 92EDFE8E1B6C3B6300D1C5D1 /* HttpClient.m */; };
		92EDFE961B6C3BFC00D1C5D1 /* OMGFormURLEncode.m in Sources */ = {isa = PBXBuildFile; fileRef = 92EDFE911B6C3BFC00D1C5D1 /* OMGFormURLEncode.m */; };
		92EDFE971B6C3BFC00D1C5D1 /* OMGHTTPURLRQ.m in Sources */ = {isa = PBXBuildFile; fileRef = 92EDFE931B6C3BFC00D1C5D1 /* OMGHTTPURLRQ.m */; };
		92EDFE981B6C3BFC00D1C5D1 /* OMGUserAgent.m in Sources */ = {isa = PBXBuildFile; fileRef = 92EDFE951B6C3BFC00D1C5D1 /* OMGUserAgent.m */; };
		92EDFE9B1B6C3C9800D1C5D1 /* TDOAuth.m in Sources */ = {isa = PBXBuildFile; fileRef = 92EDFE9A1B6C3C9800D1C5D1 /* TDOAuth.m */; };
		983AEA661B6AC5BB0063C498 /* Dish+Creater.m in Sources */ = {isa = PBXBuildFile; fileRef = 983AEA651B6AC5BB0063C498 /* Dish+Creater.m */; };
		985718BC1B6A8E09001CA355 /* main.m in Sources */ = {isa = PBXBuildFile; fileRef = 985718BB1B6A8E09001CA355 /* main.m */; };
		985718BF1B6A8E09001CA355 /* AppDelegate.m in Sources */ = {isa = PBXBuildFile; fileRef = 985718BE1B6A8E09001CA355 /* AppDelegate.m */; };
		985718C51B6A8E09001CA355 /* Main.storyboard in Resources */ = {isa = PBXBuildFile; fileRef = 985718C31B6A8E09001CA355 /* Main.storyboard */; };
		985718C71B6A8E09001CA355 /* Images.xcassets in Resources */ = {isa = PBXBuildFile; fileRef = 985718C61B6A8E09001CA355 /* Images.xcassets */; };
		985718CA1B6A8E09001CA355 /* LaunchScreen.xib in Resources */ = {isa = PBXBuildFile; fileRef = 985718C81B6A8E09001CA355 /* LaunchScreen.xib */; };
		985718D61B6A8E09001CA355 /* TakeoutAssistantTests.m in Sources */ = {isa = PBXBuildFile; fileRef = 985718D51B6A8E09001CA355 /* TakeoutAssistantTests.m */; };
		985718E11B6A8F7D001CA355 /* MenuModel.xcdatamodeld in Sources */ = {isa = PBXBuildFile; fileRef = 985718DF1B6A8F7D001CA355 /* MenuModel.xcdatamodeld */; };
		985718EB1B6A919D001CA355 /* Restaurant.m in Sources */ = {isa = PBXBuildFile; fileRef = 985718EA1B6A919D001CA355 /* Restaurant.m */; };
		985718EE1B6A919D001CA355 /* Dish.m in Sources */ = {isa = PBXBuildFile; fileRef = 985718ED1B6A919D001CA355 /* Dish.m */; };
		985718F41B6AA08F001CA355 /* RestaurantViewController.m in Sources */ = {isa = PBXBuildFile; fileRef = 985718F31B6AA08F001CA355 /* RestaurantViewController.m */; };
		985718FD1B6AB90A001CA355 /* Restaurant+Creater.m in Sources */ = {isa = PBXBuildFile; fileRef = 985718FC1B6AB90A001CA355 /* Restaurant+Creater.m */; };
		BA1ACFCF46656E6CC8DC5E0A /* libPods-TakeoutAssistant.a in Frameworks */ = {isa = PBXBuildFile; fileRef = 9A23D9E0FD6486464EB4859C /* libPods-TakeoutAssistant.a */; };
/* End PBXBuildFile section */

/* Begin PBXContainerItemProxy section */
		985718D01B6A8E09001CA355 /* PBXContainerItemProxy */ = {
			isa = PBXContainerItemProxy;
			containerPortal = 985718AE1B6A8E09001CA355 /* Project object */;
			proxyType = 1;
			remoteGlobalIDString = 985718B51B6A8E09001CA355;
			remoteInfo = TakeoutAssistant;
		};
/* End PBXContainerItemProxy section */

/* Begin PBXFileReference section */
		3F10A9D01B6D3DD500829333 /* background.png */ = {isa = PBXFileReference; lastKnownFileType = image.png; path = background.png; sourceTree = "<group>"; };
		3F10A9D21B6D449E00829333 /* RetaurantDetailViewController.h */ = {isa = PBXFileReference; fileEncoding = 4; lastKnownFileType = sourcecode.c.h; path = RetaurantDetailViewController.h; sourceTree = "<group>"; };
		3F10A9D31B6D449E00829333 /* RetaurantDetailViewController.m */ = {isa = PBXFileReference; fileEncoding = 4; lastKnownFileType = sourcecode.c.objc; path = RetaurantDetailViewController.m; sourceTree = "<group>"; };
		3F963B931B6C2F9500EBAAE8 /* UIKit.framework */ = {isa = PBXFileReference; lastKnownFileType = wrapper.framework; name = UIKit.framework; path = System/Library/Frameworks/UIKit.framework; sourceTree = SDKROOT; };
		3F963B951B6C2F9D00EBAAE8 /* CoreGraphics.framework */ = {isa = PBXFileReference; lastKnownFileType = wrapper.framework; name = CoreGraphics.framework; path = System/Library/Frameworks/CoreGraphics.framework; sourceTree = SDKROOT; };
		3F963B971B6C2FA600EBAAE8 /* Foundation.framework */ = {isa = PBXFileReference; lastKnownFileType = wrapper.framework; name = Foundation.framework; path = System/Library/Frameworks/Foundation.framework; sourceTree = SDKROOT; };
		3F963B991B6C2FDE00EBAAE8 /* CoreImage.framework */ = {isa = PBXFileReference; lastKnownFileType = wrapper.framework; name = CoreImage.framework; path = System/Library/Frameworks/CoreImage.framework; sourceTree = SDKROOT; };
		3F963B9B1B6C2FE500EBAAE8 /* libz.dylib */ = {isa = PBXFileReference; lastKnownFileType = "compiled.mach-o.dylib"; name = libz.dylib; path = usr/lib/libz.dylib; sourceTree = SDKROOT; };
		3F963B9D1B6C2FEF00EBAAE8 /* libstdc++.6.0.9.dylib */ = {isa = PBXFileReference; lastKnownFileType = "compiled.mach-o.dylib"; name = "libstdc++.6.0.9.dylib"; path = "usr/lib/libstdc++.6.0.9.dylib"; sourceTree = SDKROOT; };
		3F963B9F1B6C322800EBAAE8 /* tessdata */ = {isa = PBXFileReference; lastKnownFileType = folder; path = tessdata; sourceTree = "<group>"; };
		4D5D5471631277FD50BA612E /* Pods-TakeoutAssistant.debug.xcconfig */ = {isa = PBXFileReference; includeInIndex = 1; lastKnownFileType = text.xcconfig; name = "Pods-TakeoutAssistant.debug.xcconfig"; path = "Pods/Target Support Files/Pods-TakeoutAssistant/Pods-TakeoutAssistant.debug.xcconfig"; sourceTree = "<group>"; };
		92EDFE8D1B6C3B6300D1C5D1 /* HttpClient.h */ = {isa = PBXFileReference; fileEncoding = 4; lastKnownFileType = sourcecode.c.h; path = HttpClient.h; sourceTree = "<group>"; };
		92EDFE8E1B6C3B6300D1C5D1 /* HttpClient.m */ = {isa = PBXFileReference; fileEncoding = 4; lastKnownFileType = sourcecode.c.objc; path = HttpClient.m; sourceTree = "<group>"; };
		92EDFE901B6C3BFC00D1C5D1 /* OMGFormURLEncode.h */ = {isa = PBXFileReference; fileEncoding = 4; lastKnownFileType = sourcecode.c.h; path = OMGFormURLEncode.h; sourceTree = "<group>"; };
		92EDFE911B6C3BFC00D1C5D1 /* OMGFormURLEncode.m */ = {isa = PBXFileReference; fileEncoding = 4; lastKnownFileType = sourcecode.c.objc; path = OMGFormURLEncode.m; sourceTree = "<group>"; };
		92EDFE921B6C3BFC00D1C5D1 /* OMGHTTPURLRQ.h */ = {isa = PBXFileReference; fileEncoding = 4; lastKnownFileType = sourcecode.c.h; path = OMGHTTPURLRQ.h; sourceTree = "<group>"; };
		92EDFE931B6C3BFC00D1C5D1 /* OMGHTTPURLRQ.m */ = {isa = PBXFileReference; fileEncoding = 4; lastKnownFileType = sourcecode.c.objc; path = OMGHTTPURLRQ.m; sourceTree = "<group>"; };
		92EDFE941B6C3BFC00D1C5D1 /* OMGUserAgent.h */ = {isa = PBXFileReference; fileEncoding = 4; lastKnownFileType = sourcecode.c.h; path = OMGUserAgent.h; sourceTree = "<group>"; };
		92EDFE951B6C3BFC00D1C5D1 /* OMGUserAgent.m */ = {isa = PBXFileReference; fileEncoding = 4; lastKnownFileType = sourcecode.c.objc; path = OMGUserAgent.m; sourceTree = "<group>"; };
		92EDFE991B6C3C9800D1C5D1 /* TDOAuth.h */ = {isa = PBXFileReference; fileEncoding = 4; lastKnownFileType = sourcecode.c.h; path = TDOAuth.h; sourceTree = "<group>"; };
		92EDFE9A1B6C3C9800D1C5D1 /* TDOAuth.m */ = {isa = PBXFileReference; fileEncoding = 4; lastKnownFileType = sourcecode.c.objc; path = TDOAuth.m; sourceTree = "<group>"; };
		983AEA641B6AC5BB0063C498 /* Dish+Creater.h */ = {isa = PBXFileReference; fileEncoding = 4; lastKnownFileType = sourcecode.c.h; path = "Dish+Creater.h"; sourceTree = "<group>"; };
		983AEA651B6AC5BB0063C498 /* Dish+Creater.m */ = {isa = PBXFileReference; fileEncoding = 4; lastKnownFileType = sourcecode.c.objc; path = "Dish+Creater.m"; sourceTree = "<group>"; };
		985718B61B6A8E09001CA355 /* TakeoutAssistant.app */ = {isa = PBXFileReference; explicitFileType = wrapper.application; includeInIndex = 0; path = TakeoutAssistant.app; sourceTree = BUILT_PRODUCTS_DIR; };
		985718BA1B6A8E09001CA355 /* Info.plist */ = {isa = PBXFileReference; lastKnownFileType = text.plist.xml; path = Info.plist; sourceTree = "<group>"; };
		985718BB1B6A8E09001CA355 /* main.m */ = {isa = PBXFileReference; lastKnownFileType = sourcecode.c.objc; path = main.m; sourceTree = "<group>"; };
		985718BD1B6A8E09001CA355 /* AppDelegate.h */ = {isa = PBXFileReference; lastKnownFileType = sourcecode.c.h; path = AppDelegate.h; sourceTree = "<group>"; };
		985718BE1B6A8E09001CA355 /* AppDelegate.m */ = {isa = PBXFileReference; lastKnownFileType = sourcecode.c.objc; path = AppDelegate.m; sourceTree = "<group>"; };
		985718C41B6A8E09001CA355 /* Base */ = {isa = PBXFileReference; lastKnownFileType = file.storyboard; name = Base; path = Base.lproj/Main.storyboard; sourceTree = "<group>"; };
		985718C61B6A8E09001CA355 /* Images.xcassets */ = {isa = PBXFileReference; lastKnownFileType = folder.assetcatalog; path = Images.xcassets; sourceTree = "<group>"; };
		985718C91B6A8E09001CA355 /* Base */ = {isa = PBXFileReference; lastKnownFileType = file.xib; name = Base; path = Base.lproj/LaunchScreen.xib; sourceTree = "<group>"; };
		985718CF1B6A8E09001CA355 /* TakeoutAssistantTests.xctest */ = {isa = PBXFileReference; explicitFileType = wrapper.cfbundle; includeInIndex = 0; path = TakeoutAssistantTests.xctest; sourceTree = BUILT_PRODUCTS_DIR; };
		985718D41B6A8E09001CA355 /* Info.plist */ = {isa = PBXFileReference; lastKnownFileType = text.plist.xml; path = Info.plist; sourceTree = "<group>"; };
		985718D51B6A8E09001CA355 /* TakeoutAssistantTests.m */ = {isa = PBXFileReference; lastKnownFileType = sourcecode.c.objc; path = TakeoutAssistantTests.m; sourceTree = "<group>"; };
		985718E01B6A8F7D001CA355 /* MenuModel.xcdatamodel */ = {isa = PBXFileReference; lastKnownFileType = wrapper.xcdatamodel; path = MenuModel.xcdatamodel; sourceTree = "<group>"; };
		985718E91B6A919D001CA355 /* Restaurant.h */ = {isa = PBXFileReference; fileEncoding = 4; lastKnownFileType = sourcecode.c.h; path = Restaurant.h; sourceTree = "<group>"; };
		985718EA1B6A919D001CA355 /* Restaurant.m */ = {isa = PBXFileReference; fileEncoding = 4; lastKnownFileType = sourcecode.c.objc; path = Restaurant.m; sourceTree = "<group>"; };
		985718EC1B6A919D001CA355 /* Dish.h */ = {isa = PBXFileReference; fileEncoding = 4; lastKnownFileType = sourcecode.c.h; path = Dish.h; sourceTree = "<group>"; };
		985718ED1B6A919D001CA355 /* Dish.m */ = {isa = PBXFileReference; fileEncoding = 4; lastKnownFileType = sourcecode.c.objc; path = Dish.m; sourceTree = "<group>"; };
		985718F21B6AA08F001CA355 /* RestaurantViewController.h */ = {isa = PBXFileReference; fileEncoding = 4; lastKnownFileType = sourcecode.c.h; path = RestaurantViewController.h; sourceTree = "<group>"; };
		985718F31B6AA08F001CA355 /* RestaurantViewController.m */ = {isa = PBXFileReference; fileEncoding = 4; lastKnownFileType = sourcecode.c.objc; path = RestaurantViewController.m; sourceTree = "<group>"; };
		985718FB1B6AB90A001CA355 /* Restaurant+Creater.h */ = {isa = PBXFileReference; fileEncoding = 4; lastKnownFileType = sourcecode.c.h; path = "Restaurant+Creater.h"; sourceTree = "<group>"; };
		985718FC1B6AB90A001CA355 /* Restaurant+Creater.m */ = {isa = PBXFileReference; fileEncoding = 4; lastKnownFileType = sourcecode.c.objc; path = "Restaurant+Creater.m"; sourceTree = "<group>"; };
		9A23D9E0FD6486464EB4859C /* libPods-TakeoutAssistant.a */ = {isa = PBXFileReference; explicitFileType = archive.ar; includeInIndex = 0; path = "libPods-TakeoutAssistant.a"; sourceTree = BUILT_PRODUCTS_DIR; };
		FBFEF342C62CCE5103C63505 /* Pods-TakeoutAssistant.release.xcconfig */ = {isa = PBXFileReference; includeInIndex = 1; lastKnownFileType = text.xcconfig; name = "Pods-TakeoutAssistant.release.xcconfig"; path = "Pods/Target Support Files/Pods-TakeoutAssistant/Pods-TakeoutAssistant.release.xcconfig"; sourceTree = "<group>"; };
/* End PBXFileReference section */

/* Begin PBXFrameworksBuildPhase section */
		985718B31B6A8E09001CA355 /* Frameworks */ = {
			isa = PBXFrameworksBuildPhase;
			buildActionMask = 2147483647;
			files = (
				3F963B9E1B6C2FEF00EBAAE8 /* libstdc++.6.0.9.dylib in Frameworks */,
				3F963B9C1B6C2FE500EBAAE8 /* libz.dylib in Frameworks */,
				3F963B9A1B6C2FDE00EBAAE8 /* CoreImage.framework in Frameworks */,
				3F963B981B6C2FA600EBAAE8 /* Foundation.framework in Frameworks */,
				3F963B961B6C2F9D00EBAAE8 /* CoreGraphics.framework in Frameworks */,
				3F963B941B6C2F9500EBAAE8 /* UIKit.framework in Frameworks */,
				BA1ACFCF46656E6CC8DC5E0A /* libPods-TakeoutAssistant.a in Frameworks */,
			);
			runOnlyForDeploymentPostprocessing = 0;
		};
		985718CC1B6A8E09001CA355 /* Frameworks */ = {
			isa = PBXFrameworksBuildPhase;
			buildActionMask = 2147483647;
			files = (
			);
			runOnlyForDeploymentPostprocessing = 0;
		};
/* End PBXFrameworksBuildPhase section */

/* Begin PBXGroup section */
		3F10A9CF1B6D3D8000829333 /* Images */ = {
			isa = PBXGroup;
			children = (
				3F10A9D01B6D3DD500829333 /* background.png */,
			);
			name = Images;
			sourceTree = "<group>";
		};
		53EE4429897649FD374A72EC /* Frameworks */ = {
			isa = PBXGroup;
			children = (
				3F963B9D1B6C2FEF00EBAAE8 /* libstdc++.6.0.9.dylib */,
				3F963B9B1B6C2FE500EBAAE8 /* libz.dylib */,
				3F963B991B6C2FDE00EBAAE8 /* CoreImage.framework */,
				3F963B971B6C2FA600EBAAE8 /* Foundation.framework */,
				3F963B951B6C2F9D00EBAAE8 /* CoreGraphics.framework */,
				3F963B931B6C2F9500EBAAE8 /* UIKit.framework */,
				9A23D9E0FD6486464EB4859C /* libPods-TakeoutAssistant.a */,
			);
			name = Frameworks;
			sourceTree = "<group>";
		};
		92EDFE8C1B6C3B4200D1C5D1 /* HttpClient */ = {
			isa = PBXGroup;
			children = (
				92EDFE901B6C3BFC00D1C5D1 /* OMGFormURLEncode.h */,
				92EDFE911B6C3BFC00D1C5D1 /* OMGFormURLEncode.m */,
				92EDFE921B6C3BFC00D1C5D1 /* OMGHTTPURLRQ.h */,
				92EDFE931B6C3BFC00D1C5D1 /* OMGHTTPURLRQ.m */,
				92EDFE941B6C3BFC00D1C5D1 /* OMGUserAgent.h */,
				92EDFE951B6C3BFC00D1C5D1 /* OMGUserAgent.m */,
				92EDFE991B6C3C9800D1C5D1 /* TDOAuth.h */,
				92EDFE9A1B6C3C9800D1C5D1 /* TDOAuth.m */,
				92EDFE8D1B6C3B6300D1C5D1 /* HttpClient.h */,
				92EDFE8E1B6C3B6300D1C5D1 /* HttpClient.m */,
			);
			name = HttpClient;
			sourceTree = "<group>";
		};
		985718AD1B6A8E09001CA355 = {
			isa = PBXGroup;
			children = (
				3F10A9CF1B6D3D8000829333 /* Images */,
				985718B81B6A8E09001CA355 /* TakeoutAssistant */,
				985718D21B6A8E09001CA355 /* TakeoutAssistantTests */,
				985718B71B6A8E09001CA355 /* Products */,
				E767D1EE8260BDBE5CB7996E /* Pods */,
				53EE4429897649FD374A72EC /* Frameworks */,
			);
			sourceTree = "<group>";
		};
		985718B71B6A8E09001CA355 /* Products */ = {
			isa = PBXGroup;
			children = (
				985718B61B6A8E09001CA355 /* TakeoutAssistant.app */,
				985718CF1B6A8E09001CA355 /* TakeoutAssistantTests.xctest */,
			);
			name = Products;
			sourceTree = "<group>";
		};
		985718B81B6A8E09001CA355 /* TakeoutAssistant */ = {
			isa = PBXGroup;
			children = (
				985718E21B6A9160001CA355 /* Model */,
				985718C31B6A8E09001CA355 /* Main.storyboard */,
				985718C61B6A8E09001CA355 /* Images.xcassets */,
				985718C81B6A8E09001CA355 /* LaunchScreen.xib */,
				985718B91B6A8E09001CA355 /* Supporting Files */,
			);
			path = TakeoutAssistant;
			sourceTree = "<group>";
		};
		985718B91B6A8E09001CA355 /* Supporting Files */ = {
			isa = PBXGroup;
			children = (
				3F10A9D31B6D449E00829333 /* RetaurantDetailViewController.m */,
				3F10A9D21B6D449E00829333 /* RetaurantDetailViewController.h */,
				985718F21B6AA08F001CA355 /* RestaurantViewController.h */,
				985718BD1B6A8E09001CA355 /* AppDelegate.h */,
				985718F31B6AA08F001CA355 /* RestaurantViewController.m */,
				985718BE1B6A8E09001CA355 /* AppDelegate.m */,
				985718BA1B6A8E09001CA355 /* Info.plist */,
				985718BB1B6A8E09001CA355 /* main.m */,
			);
			name = "Supporting Files";
			sourceTree = "<group>";
		};
		985718D21B6A8E09001CA355 /* TakeoutAssistantTests */ = {
			isa = PBXGroup;
			children = (
				985718D51B6A8E09001CA355 /* TakeoutAssistantTests.m */,
				985718D31B6A8E09001CA355 /* Supporting Files */,
			);
			path = TakeoutAssistantTests;
			sourceTree = "<group>";
		};
		985718D31B6A8E09001CA355 /* Supporting Files */ = {
			isa = PBXGroup;
			children = (
				985718D41B6A8E09001CA355 /* Info.plist */,
			);
			name = "Supporting Files";
			sourceTree = "<group>";
		};
		985718E21B6A9160001CA355 /* Model */ = {
			isa = PBXGroup;
			children = (
				92EDFE8C1B6C3B4200D1C5D1 /* HttpClient */,
				3F963B9F1B6C322800EBAAE8 /* tessdata */,
				985718FB1B6AB90A001CA355 /* Restaurant+Creater.h */,
				985718FC1B6AB90A001CA355 /* Restaurant+Creater.m */,
				983AEA641B6AC5BB0063C498 /* Dish+Creater.h */,
				983AEA651B6AC5BB0063C498 /* Dish+Creater.m */,
				985718EC1B6A919D001CA355 /* Dish.h */,
				985718ED1B6A919D001CA355 /* Dish.m */,
				985718E91B6A919D001CA355 /* Restaurant.h */,
				985718EA1B6A919D001CA355 /* Restaurant.m */,
				985718DF1B6A8F7D001CA355 /* MenuModel.xcdatamodeld */,
			);
			name = Model;
			sourceTree = "<group>";
		};
		E767D1EE8260BDBE5CB7996E /* Pods */ = {
			isa = PBXGroup;
			children = (
				4D5D5471631277FD50BA612E /* Pods-TakeoutAssistant.debug.xcconfig */,
				FBFEF342C62CCE5103C63505 /* Pods-TakeoutAssistant.release.xcconfig */,
			);
			name = Pods;
			sourceTree = "<group>";
		};
/* End PBXGroup section */

/* Begin PBXNativeTarget section */
		985718B51B6A8E09001CA355 /* TakeoutAssistant */ = {
			isa = PBXNativeTarget;
			buildConfigurationList = 985718D91B6A8E09001CA355 /* Build configuration list for PBXNativeTarget "TakeoutAssistant" */;
			buildPhases = (
				76462EA49783D00C265A77F2 /* Check Pods Manifest.lock */,
				985718B21B6A8E09001CA355 /* Sources */,
				985718B31B6A8E09001CA355 /* Frameworks */,
				985718B41B6A8E09001CA355 /* Resources */,
				E213746CB928AC862DB86EDA /* Copy Pods Resources */,
			);
			buildRules = (
			);
			dependencies = (
			);
			name = TakeoutAssistant;
			productName = TakeoutAssistant;
			productReference = 985718B61B6A8E09001CA355 /* TakeoutAssistant.app */;
			productType = "com.apple.product-type.application";
		};
		985718CE1B6A8E09001CA355 /* TakeoutAssistantTests */ = {
			isa = PBXNativeTarget;
			buildConfigurationList = 985718DC1B6A8E09001CA355 /* Build configuration list for PBXNativeTarget "TakeoutAssistantTests" */;
			buildPhases = (
				985718CB1B6A8E09001CA355 /* Sources */,
				985718CC1B6A8E09001CA355 /* Frameworks */,
				985718CD1B6A8E09001CA355 /* Resources */,
			);
			buildRules = (
			);
			dependencies = (
				985718D11B6A8E09001CA355 /* PBXTargetDependency */,
			);
			name = TakeoutAssistantTests;
			productName = TakeoutAssistantTests;
			productReference = 985718CF1B6A8E09001CA355 /* TakeoutAssistantTests.xctest */;
			productType = "com.apple.product-type.bundle.unit-test";
		};
/* End PBXNativeTarget section */

/* Begin PBXProject section */
		985718AE1B6A8E09001CA355 /* Project object */ = {
			isa = PBXProject;
			attributes = {
				LastUpgradeCheck = 0640;
				ORGANIZATIONNAME = Team3;
				TargetAttributes = {
					985718B51B6A8E09001CA355 = {
						CreatedOnToolsVersion = 6.4;
					};
					985718CE1B6A8E09001CA355 = {
						CreatedOnToolsVersion = 6.4;
						TestTargetID = 985718B51B6A8E09001CA355;
					};
				};
			};
			buildConfigurationList = 985718B11B6A8E09001CA355 /* Build configuration list for PBXProject "TakeoutAssistant" */;
			compatibilityVersion = "Xcode 3.2";
			developmentRegion = English;
			hasScannedForEncodings = 0;
			knownRegions = (
				en,
				Base,
			);
			mainGroup = 985718AD1B6A8E09001CA355;
			productRefGroup = 985718B71B6A8E09001CA355 /* Products */;
			projectDirPath = "";
			projectRoot = "";
			targets = (
				985718B51B6A8E09001CA355 /* TakeoutAssistant */,
				985718CE1B6A8E09001CA355 /* TakeoutAssistantTests */,
			);
		};
/* End PBXProject section */

/* Begin PBXResourcesBuildPhase section */
		985718B41B6A8E09001CA355 /* Resources */ = {
			isa = PBXResourcesBuildPhase;
			buildActionMask = 2147483647;
			files = (
				985718C51B6A8E09001CA355 /* Main.storyboard in Resources */,
				3F10A9D11B6D3DD500829333 /* background.png in Resources */,
				3F963BA01B6C322800EBAAE8 /* tessdata in Resources */,
				985718CA1B6A8E09001CA355 /* LaunchScreen.xib in Resources */,
				985718C71B6A8E09001CA355 /* Images.xcassets in Resources */,
			);
			runOnlyForDeploymentPostprocessing = 0;
		};
		985718CD1B6A8E09001CA355 /* Resources */ = {
			isa = PBXResourcesBuildPhase;
			buildActionMask = 2147483647;
			files = (
			);
			runOnlyForDeploymentPostprocessing = 0;
		};
/* End PBXResourcesBuildPhase section */

/* Begin PBXShellScriptBuildPhase section */
		76462EA49783D00C265A77F2 /* Check Pods Manifest.lock */ = {
			isa = PBXShellScriptBuildPhase;
			buildActionMask = 2147483647;
			files = (
			);
			inputPaths = (
			);
			name = "Check Pods Manifest.lock";
			outputPaths = (
			);
			runOnlyForDeploymentPostprocessing = 0;
			shellPath = /bin/sh;
			shellScript = "diff \"${PODS_ROOT}/../Podfile.lock\" \"${PODS_ROOT}/Manifest.lock\" > /dev/null\nif [[ $? != 0 ]] ; then\n    cat << EOM\nerror: The sandbox is not in sync with the Podfile.lock. Run 'pod install' or update your CocoaPods installation.\nEOM\n    exit 1\nfi\n";
			showEnvVarsInLog = 0;
		};
		E213746CB928AC862DB86EDA /* Copy Pods Resources */ = {
			isa = PBXShellScriptBuildPhase;
			buildActionMask = 2147483647;
			files = (
			);
			inputPaths = (
			);
			name = "Copy Pods Resources";
			outputPaths = (
			);
			runOnlyForDeploymentPostprocessing = 0;
			shellPath = /bin/sh;
			shellScript = "\"${SRCROOT}/Pods/Target Support Files/Pods-TakeoutAssistant/Pods-TakeoutAssistant-resources.sh\"\n";
			showEnvVarsInLog = 0;
		};
/* End PBXShellScriptBuildPhase section */

/* Begin PBXSourcesBuildPhase section */
		985718B21B6A8E09001CA355 /* Sources */ = {
			isa = PBXSourcesBuildPhase;
			buildActionMask = 2147483647;
			files = (
				3F10A9D41B6D449E00829333 /* RetaurantDetailViewController.m in Sources */,
				985718E11B6A8F7D001CA355 /* MenuModel.xcdatamodeld in Sources */,
				985718FD1B6AB90A001CA355 /* Restaurant+Creater.m in Sources */,
				92EDFE9B1B6C3C9800D1C5D1 /* TDOAuth.m in Sources */,
				92EDFE981B6C3BFC00D1C5D1 /* OMGUserAgent.m in Sources */,
				983AEA661B6AC5BB0063C498 /* Dish+Creater.m in Sources */,
				92EDFE971B6C3BFC00D1C5D1 /* OMGHTTPURLRQ.m in Sources */,
				92EDFE8F1B6C3B6300D1C5D1 /* HttpClient.m in Sources */,
				985718EE1B6A919D001CA355 /* Dish.m in Sources */,
				92EDFE961B6C3BFC00D1C5D1 /* OMGFormURLEncode.m in Sources */,
				985718EB1B6A919D001CA355 /* Restaurant.m in Sources */,
				985718BF1B6A8E09001CA355 /* AppDelegate.m in Sources */,
				985718F41B6AA08F001CA355 /* RestaurantViewController.m in Sources */,
				985718BC1B6A8E09001CA355 /* main.m in Sources */,
			);
			runOnlyForDeploymentPostprocessing = 0;
		};
		985718CB1B6A8E09001CA355 /* Sources */ = {
			isa = PBXSourcesBuildPhase;
			buildActionMask = 2147483647;
			files = (
				985718D61B6A8E09001CA355 /* TakeoutAssistantTests.m in Sources */,
			);
			runOnlyForDeploymentPostprocessing = 0;
		};
/* End PBXSourcesBuildPhase section */

/* Begin PBXTargetDependency section */
		985718D11B6A8E09001CA355 /* PBXTargetDependency */ = {
			isa = PBXTargetDependency;
			target = 985718B51B6A8E09001CA355 /* TakeoutAssistant */;
			targetProxy = 985718D01B6A8E09001CA355 /* PBXContainerItemProxy */;
		};
/* End PBXTargetDependency section */

/* Begin PBXVariantGroup section */
		985718C31B6A8E09001CA355 /* Main.storyboard */ = {
			isa = PBXVariantGroup;
			children = (
				985718C41B6A8E09001CA355 /* Base */,
			);
			name = Main.storyboard;
			sourceTree = "<group>";
		};
		985718C81B6A8E09001CA355 /* LaunchScreen.xib */ = {
			isa = PBXVariantGroup;
			children = (
				985718C91B6A8E09001CA355 /* Base */,
			);
			name = LaunchScreen.xib;
			sourceTree = "<group>";
		};
/* End PBXVariantGroup section */

/* Begin XCBuildConfiguration section */
		985718D71B6A8E09001CA355 /* Debug */ = {
			isa = XCBuildConfiguration;
			buildSettings = {
				ALWAYS_SEARCH_USER_PATHS = NO;
				CLANG_CXX_LANGUAGE_STANDARD = "gnu++0x";
				CLANG_CXX_LIBRARY = "libc++";
				CLANG_ENABLE_MODULES = YES;
				CLANG_ENABLE_OBJC_ARC = YES;
				CLANG_WARN_BOOL_CONVERSION = YES;
				CLANG_WARN_CONSTANT_CONVERSION = YES;
				CLANG_WARN_DIRECT_OBJC_ISA_USAGE = YES_ERROR;
				CLANG_WARN_EMPTY_BODY = YES;
				CLANG_WARN_ENUM_CONVERSION = YES;
				CLANG_WARN_INT_CONVERSION = YES;
				CLANG_WARN_OBJC_ROOT_CLASS = YES_ERROR;
				CLANG_WARN_UNREACHABLE_CODE = YES;
				CLANG_WARN__DUPLICATE_METHOD_MATCH = YES;
				"CODE_SIGN_IDENTITY[sdk=iphoneos*]" = "iPhone Developer";
				COPY_PHASE_STRIP = NO;
				DEBUG_INFORMATION_FORMAT = "dwarf-with-dsym";
				ENABLE_STRICT_OBJC_MSGSEND = YES;
				GCC_C_LANGUAGE_STANDARD = gnu99;
				GCC_DYNAMIC_NO_PIC = NO;
				GCC_NO_COMMON_BLOCKS = YES;
				GCC_OPTIMIZATION_LEVEL = 0;
				GCC_PREPROCESSOR_DEFINITIONS = (
					"DEBUG=1",
					"$(inherited)",
				);
				GCC_SYMBOLS_PRIVATE_EXTERN = NO;
				GCC_WARN_64_TO_32_BIT_CONVERSION = YES;
				GCC_WARN_ABOUT_RETURN_TYPE = YES_ERROR;
				GCC_WARN_UNDECLARED_SELECTOR = YES;
				GCC_WARN_UNINITIALIZED_AUTOS = YES_AGGRESSIVE;
				GCC_WARN_UNUSED_FUNCTION = YES;
				GCC_WARN_UNUSED_VARIABLE = YES;
				IPHONEOS_DEPLOYMENT_TARGET = 8.4;
				MTL_ENABLE_DEBUG_INFO = YES;
				ONLY_ACTIVE_ARCH = YES;
				SDKROOT = iphoneos;
			};
			name = Debug;
		};
		985718D81B6A8E09001CA355 /* Release */ = {
			isa = XCBuildConfiguration;
			buildSettings = {
				ALWAYS_SEARCH_USER_PATHS = NO;
				CLANG_CXX_LANGUAGE_STANDARD = "gnu++0x";
				CLANG_CXX_LIBRARY = "libc++";
				CLANG_ENABLE_MODULES = YES;
				CLANG_ENABLE_OBJC_ARC = YES;
				CLANG_WARN_BOOL_CONVERSION = YES;
				CLANG_WARN_CONSTANT_CONVERSION = YES;
				CLANG_WARN_DIRECT_OBJC_ISA_USAGE = YES_ERROR;
				CLANG_WARN_EMPTY_BODY = YES;
				CLANG_WARN_ENUM_CONVERSION = YES;
				CLANG_WARN_INT_CONVERSION = YES;
				CLANG_WARN_OBJC_ROOT_CLASS = YES_ERROR;
				CLANG_WARN_UNREACHABLE_CODE = YES;
				CLANG_WARN__DUPLICATE_METHOD_MATCH = YES;
				"CODE_SIGN_IDENTITY[sdk=iphoneos*]" = "iPhone Developer";
				COPY_PHASE_STRIP = NO;
				DEBUG_INFORMATION_FORMAT = "dwarf-with-dsym";
				ENABLE_NS_ASSERTIONS = NO;
				ENABLE_STRICT_OBJC_MSGSEND = YES;
				GCC_C_LANGUAGE_STANDARD = gnu99;
				GCC_NO_COMMON_BLOCKS = YES;
				GCC_WARN_64_TO_32_BIT_CONVERSION = YES;
				GCC_WARN_ABOUT_RETURN_TYPE = YES_ERROR;
				GCC_WARN_UNDECLARED_SELECTOR = YES;
				GCC_WARN_UNINITIALIZED_AUTOS = YES_AGGRESSIVE;
				GCC_WARN_UNUSED_FUNCTION = YES;
				GCC_WARN_UNUSED_VARIABLE = YES;
				IPHONEOS_DEPLOYMENT_TARGET = 8.4;
				MTL_ENABLE_DEBUG_INFO = NO;
				SDKROOT = iphoneos;
				VALIDATE_PRODUCT = YES;
			};
			name = Release;
		};
		985718DA1B6A8E09001CA355 /* Debug */ = {
			isa = XCBuildConfiguration;
			baseConfigurationReference = 4D5D5471631277FD50BA612E /* Pods-TakeoutAssistant.debug.xcconfig */;
			buildSettings = {
				ASSETCATALOG_COMPILER_APPICON_NAME = AppIcon;
				INFOPLIST_FILE = TakeoutAssistant/Info.plist;
				LD_RUNPATH_SEARCH_PATHS = "$(inherited) @executable_path/Frameworks";
				PRODUCT_NAME = "$(TARGET_NAME)";
			};
			name = Debug;
		};
		985718DB1B6A8E09001CA355 /* Release */ = {
			isa = XCBuildConfiguration;
			baseConfigurationReference = FBFEF342C62CCE5103C63505 /* Pods-TakeoutAssistant.release.xcconfig */;
			buildSettings = {
				ASSETCATALOG_COMPILER_APPICON_NAME = AppIcon;
				INFOPLIST_FILE = TakeoutAssistant/Info.plist;
				LD_RUNPATH_SEARCH_PATHS = "$(inherited) @executable_path/Frameworks";
				PRODUCT_NAME = "$(TARGET_NAME)";
			};
			name = Release;
		};
		985718DD1B6A8E09001CA355 /* Debug */ = {
			isa = XCBuildConfiguration;
			buildSettings = {
				BUNDLE_LOADER = "$(TEST_HOST)";
				FRAMEWORK_SEARCH_PATHS = (
					"$(SDKROOT)/Developer/Library/Frameworks",
					"$(inherited)",
				);
				GCC_PREPROCESSOR_DEFINITIONS = (
					"DEBUG=1",
					"$(inherited)",
				);
				INFOPLIST_FILE = TakeoutAssistantTests/Info.plist;
				LD_RUNPATH_SEARCH_PATHS = "$(inherited) @executable_path/Frameworks @loader_path/Frameworks";
				PRODUCT_NAME = "$(TARGET_NAME)";
				TEST_HOST = "$(BUILT_PRODUCTS_DIR)/TakeoutAssistant.app/TakeoutAssistant";
			};
			name = Debug;
		};
		985718DE1B6A8E09001CA355 /* Release */ = {
			isa = XCBuildConfiguration;
			buildSettings = {
				BUNDLE_LOADER = "$(TEST_HOST)";
				FRAMEWORK_SEARCH_PATHS = (
					"$(SDKROOT)/Developer/Library/Frameworks",
					"$(inherited)",
				);
				INFOPLIST_FILE = TakeoutAssistantTests/Info.plist;
				LD_RUNPATH_SEARCH_PATHS = "$(inherited) @executable_path/Frameworks @loader_path/Frameworks";
				PRODUCT_NAME = "$(TARGET_NAME)";
				TEST_HOST = "$(BUILT_PRODUCTS_DIR)/TakeoutAssistant.app/TakeoutAssistant";
			};
			name = Release;
		};
/* End XCBuildConfiguration section */

/* Begin XCConfigurationList section */
		985718B11B6A8E09001CA355 /* Build configuration list for PBXProject "TakeoutAssistant" */ = {
			isa = XCConfigurationList;
			buildConfigurations = (
				985718D71B6A8E09001CA355 /* Debug */,
				985718D81B6A8E09001CA355 /* Release */,
			);
			defaultConfigurationIsVisible = 0;
			defaultConfigurationName = Release;
		};
		985718D91B6A8E09001CA355 /* Build configuration list for PBXNativeTarget "TakeoutAssistant" */ = {
			isa = XCConfigurationList;
			buildConfigurations = (
				985718DA1B6A8E09001CA355 /* Debug */,
				985718DB1B6A8E09001CA355 /* Release */,
			);
			defaultConfigurationIsVisible = 0;
			defaultConfigurationName = Release;
		};
		985718DC1B6A8E09001CA355 /* Build configuration list for PBXNativeTarget "TakeoutAssistantTests" */ = {
			isa = XCConfigurationList;
			buildConfigurations = (
				985718DD1B6A8E09001CA355 /* Debug */,
				985718DE1B6A8E09001CA355 /* Release */,
			);
			defaultConfigurationIsVisible = 0;
			defaultConfigurationName = Release;
		};
/* End XCConfigurationList section */

/* Begin XCVersionGroup section */
		985718DF1B6A8F7D001CA355 /* MenuModel.xcdatamodeld */ = {
			isa = XCVersionGroup;
			children = (
				985718E01B6A8F7D001CA355 /* MenuModel.xcdatamodel */,
			);
			currentVersion = 985718E01B6A8F7D001CA355 /* MenuModel.xcdatamodel */;
			name = MenuModel.xcdatamodeld;
			path = ../Model/MenuModel.xcdatamodeld;
			sourceTree = "<group>";
			versionGroupType = wrapper.xcdatamodel;
		};
/* End XCVersionGroup section */
	};
	rootObject = 985718AE1B6A8E09001CA355 /* Project object */;
}
